
Microsoft Visual Studio Solution File, Format Version 12.00
# Visual Studio Version 17
VisualStudioVersion = 17.3.32922.545
MinimumVisualStudioVersion = 10.0.40219.1
Project("{9A19103F-16F7-4668-BE54-9A1E7A4F7556}") = "StandardLib", "..\..\..\AAV.Shared\Src\Net.CI\StandardLib\StandardLib.csproj", "{BF5E7CC6-29BA-499A-BD0C-4D92321C3AAA}"
EndProject
Project("{9A19103F-16F7-4668-BE54-9A1E7A4F7556}") = "Ambience", "..\..\..\AAV.Shared\Src\Net.CI\Ambience\Ambience.csproj", "{DC19E9E4-B174-4AB6-AB74-6205B5488DF2}"
EndProject
Project("{9A19103F-16F7-4668-BE54-9A1E7A4F7556}") = "WpfUserControlLib", "..\..\..\AAV.Shared\Src\Net.CI\WpfUserControlLib\WpfUserControlLib.csproj", "{7CAB6C39-2D93-4BC5-A793-C68C5A29BE02}"
EndProject
Project("{9A19103F-16F7-4668-BE54-9A1E7A4F7556}") = "MinNavTpl.Contract", "MinNavTpl.Contract\MinNavTpl.Contract.csproj", "{453E1D66-2AF0-4062-B0C0-2D1FFD6D3722}"
EndProject
Project("{9A19103F-16F7-4668-BE54-9A1E7A4F7556}") = "MinNavTpl.View", "MinNavTpl.View\MinNavTpl.View.csproj", "{D1A4B565-144B-489F-9375-95B99BFD36B7}"
EndProject
Project("{9A19103F-16F7-4668-BE54-9A1E7A4F7556}") = "MinNavTpl.VM", "MinNavTpl.VM\MinNavTpl.VM.csproj", "{CD99EDE9-FF03-477F-A873-977B25500F5F}"
EndProject
Project("{9A19103F-16F7-4668-BE54-9A1E7A4F7556}") = "MinNavTpl", "MinNavTpl\MinNavTpl.csproj", "{DA31732B-3672-472E-AA08-35294FA9C2F3}"
EndProject
Project("{2150E333-8FDC-42A3-9474-1A3956D46DE8}") = "Shared", "Shared", "{A1E7E944-EBE5-4304-8EF7-0FCFBF03D555}"
EndProject
Project("{2150E333-8FDC-42A3-9474-1A3956D46DE8}") = "MNT", "MNT", "{E5A68C32-30EC-47D1-A33E-D1D3DE95FCFF}"
EndProject
Project("{2150E333-8FDC-42A3-9474-1A3956D46DE8}") = "Temp", "Temp", "{CFD85561-36FE-4F5F-8FD7-169D60ECDF51}"
EndProject
Project("{9A19103F-16F7-4668-BE54-9A1E7A4F7556}") = "StandardContracts.Lib", "..\..\..\CI-DPL-IMP\Src\SharedLib\StandardContracts.Lib\StandardContracts.Lib.csproj", "{DD767A6A-7530-4A2E-B303-BFC2D3C7065F}"
EndProject
Project("{9A19103F-16F7-4668-BE54-9A1E7A4F7556}") = "DB.Inventory", "..\..\..\CI-DPL-IMP\Src\SharedLib\DB.Inventory\DB.Inventory.csproj", "{23747E6A-0B6A-450F-975C-096C3F3AF59D}"
EndProject
Project("{9A19103F-16F7-4668-BE54-9A1E7A4F7556}") = "DB.BR", "..\..\..\CI-DPL-IMP\Src\SharedLib\DB.BR\DB.BR.csproj", "{E5D38355-44EA-49B0-922A-E2253C0ADEA9}"
EndProject
Project("{9A19103F-16F7-4668-BE54-9A1E7A4F7556}") = "CI.LDAP.Lib", "..\..\..\CI-DPL-IMP\Src\SharedLib\CI.LDAP.Lib\CI.LDAP.Lib.csproj", "{A40894F0-FF73-4B12-86E5-A7BC48CCE37B}"
EndProject
Project("{9A19103F-16F7-4668-BE54-9A1E7A4F7556}") = "CI.SecurityEnforcement.Mok", "..\..\..\CI-DPL-IMP\Src\SharedLib\CI.SecurityEnforcement.Mok\CI.SecurityEnforcement.Mok.csproj", "{BB18396D-4197-4932-A1C1-4F74DA6E488D}"
EndProject
Project("{9A19103F-16F7-4668-BE54-9A1E7A4F7556}") = "EF.DbHelper.Lib", "..\..\..\CI-DPL-IMP\Src\SharedLib\EF.DbHelper.Lib\EF.DbHelper.Lib.csproj", "{95F3A7E8-A824-4F20-B8AD-98A392DBCDAB}"
EndProject
Global
	GlobalSection(SolutionConfigurationPlatforms) = preSolution
		Debug|Any CPU = Debug|Any CPU
		Debug|x64 = Debug|x64
		Debug|x86 = Debug|x86
		Release|Any CPU = Release|Any CPU
		Release|x64 = Release|x64
		Release|x86 = Release|x86
	EndGlobalSection
	GlobalSection(ProjectConfigurationPlatforms) = postSolution
		{BF5E7CC6-29BA-499A-BD0C-4D92321C3AAA}.Debug|Any CPU.ActiveCfg = Debug|Any CPU
		{BF5E7CC6-29BA-499A-BD0C-4D92321C3AAA}.Debug|Any CPU.Build.0 = Debug|Any CPU
		{BF5E7CC6-29BA-499A-BD0C-4D92321C3AAA}.Debug|x64.ActiveCfg = Debug|Any CPU
		{BF5E7CC6-29BA-499A-BD0C-4D92321C3AAA}.Debug|x64.Build.0 = Debug|Any CPU
		{BF5E7CC6-29BA-499A-BD0C-4D92321C3AAA}.Debug|x86.ActiveCfg = Debug|Any CPU
		{BF5E7CC6-29BA-499A-BD0C-4D92321C3AAA}.Debug|x86.Build.0 = Debug|Any CPU
		{BF5E7CC6-29BA-499A-BD0C-4D92321C3AAA}.Release|Any CPU.ActiveCfg = Release|Any CPU
		{BF5E7CC6-29BA-499A-BD0C-4D92321C3AAA}.Release|Any CPU.Build.0 = Release|Any CPU
		{BF5E7CC6-29BA-499A-BD0C-4D92321C3AAA}.Release|x64.ActiveCfg = Release|Any CPU
		{BF5E7CC6-29BA-499A-BD0C-4D92321C3AAA}.Release|x64.Build.0 = Release|Any CPU
		{BF5E7CC6-29BA-499A-BD0C-4D92321C3AAA}.Release|x86.ActiveCfg = Release|Any CPU
		{BF5E7CC6-29BA-499A-BD0C-4D92321C3AAA}.Release|x86.Build.0 = Release|Any CPU
		{DC19E9E4-B174-4AB6-AB74-6205B5488DF2}.Debug|Any CPU.ActiveCfg = Debug|Any CPU
		{DC19E9E4-B174-4AB6-AB74-6205B5488DF2}.Debug|Any CPU.Build.0 = Debug|Any CPU
		{DC19E9E4-B174-4AB6-AB74-6205B5488DF2}.Debug|x64.ActiveCfg = Debug|Any CPU
		{DC19E9E4-B174-4AB6-AB74-6205B5488DF2}.Debug|x64.Build.0 = Debug|Any CPU
		{DC19E9E4-B174-4AB6-AB74-6205B5488DF2}.Debug|x86.ActiveCfg = Debug|Any CPU
		{DC19E9E4-B174-4AB6-AB74-6205B5488DF2}.Debug|x86.Build.0 = Debug|Any CPU
		{DC19E9E4-B174-4AB6-AB74-6205B5488DF2}.Release|Any CPU.ActiveCfg = Release|Any CPU
		{DC19E9E4-B174-4AB6-AB74-6205B5488DF2}.Release|Any CPU.Build.0 = Release|Any CPU
		{DC19E9E4-B174-4AB6-AB74-6205B5488DF2}.Release|x64.ActiveCfg = Release|Any CPU
		{DC19E9E4-B174-4AB6-AB74-6205B5488DF2}.Release|x64.Build.0 = Release|Any CPU
		{DC19E9E4-B174-4AB6-AB74-6205B5488DF2}.Release|x86.ActiveCfg = Release|Any CPU
		{DC19E9E4-B174-4AB6-AB74-6205B5488DF2}.Release|x86.Build.0 = Release|Any CPU
		{7CAB6C39-2D93-4BC5-A793-C68C5A29BE02}.Debug|Any CPU.ActiveCfg = Debug|Any CPU
		{7CAB6C39-2D93-4BC5-A793-C68C5A29BE02}.Debug|Any CPU.Build.0 = Debug|Any CPU
		{7CAB6C39-2D93-4BC5-A793-C68C5A29BE02}.Debug|x64.ActiveCfg = Debug|Any CPU
		{7CAB6C39-2D93-4BC5-A793-C68C5A29BE02}.Debug|x64.Build.0 = Debug|Any CPU
		{7CAB6C39-2D93-4BC5-A793-C68C5A29BE02}.Debug|x86.ActiveCfg = Debug|Any CPU
		{7CAB6C39-2D93-4BC5-A793-C68C5A29BE02}.Debug|x86.Build.0 = Debug|Any CPU
		{7CAB6C39-2D93-4BC5-A793-C68C5A29BE02}.Release|Any CPU.ActiveCfg = Release|Any CPU
		{7CAB6C39-2D93-4BC5-A793-C68C5A29BE02}.Release|Any CPU.Build.0 = Release|Any CPU
		{7CAB6C39-2D93-4BC5-A793-C68C5A29BE02}.Release|x64.ActiveCfg = Release|Any CPU
		{7CAB6C39-2D93-4BC5-A793-C68C5A29BE02}.Release|x64.Build.0 = Release|Any CPU
		{7CAB6C39-2D93-4BC5-A793-C68C5A29BE02}.Release|x86.ActiveCfg = Release|Any CPU
		{7CAB6C39-2D93-4BC5-A793-C68C5A29BE02}.Release|x86.Build.0 = Release|Any CPU
		{453E1D66-2AF0-4062-B0C0-2D1FFD6D3722}.Debug|Any CPU.ActiveCfg = Debug|Any CPU
		{453E1D66-2AF0-4062-B0C0-2D1FFD6D3722}.Debug|Any CPU.Build.0 = Debug|Any CPU
		{453E1D66-2AF0-4062-B0C0-2D1FFD6D3722}.Debug|x64.ActiveCfg = Debug|x64
		{453E1D66-2AF0-4062-B0C0-2D1FFD6D3722}.Debug|x64.Build.0 = Debug|x64
		{453E1D66-2AF0-4062-B0C0-2D1FFD6D3722}.Debug|x86.ActiveCfg = Debug|Any CPU
		{453E1D66-2AF0-4062-B0C0-2D1FFD6D3722}.Debug|x86.Build.0 = Debug|Any CPU
		{453E1D66-2AF0-4062-B0C0-2D1FFD6D3722}.Release|Any CPU.ActiveCfg = Release|Any CPU
		{453E1D66-2AF0-4062-B0C0-2D1FFD6D3722}.Release|Any CPU.Build.0 = Release|Any CPU
		{453E1D66-2AF0-4062-B0C0-2D1FFD6D3722}.Release|x64.ActiveCfg = Release|x64
		{453E1D66-2AF0-4062-B0C0-2D1FFD6D3722}.Release|x64.Build.0 = Release|x64
		{453E1D66-2AF0-4062-B0C0-2D1FFD6D3722}.Release|x86.ActiveCfg = Release|Any CPU
		{453E1D66-2AF0-4062-B0C0-2D1FFD6D3722}.Release|x86.Build.0 = Release|Any CPU
		{D1A4B565-144B-489F-9375-95B99BFD36B7}.Debug|Any CPU.ActiveCfg = Debug|Any CPU
		{D1A4B565-144B-489F-9375-95B99BFD36B7}.Debug|Any CPU.Build.0 = Debug|Any CPU
		{D1A4B565-144B-489F-9375-95B99BFD36B7}.Debug|x64.ActiveCfg = Debug|x64
		{D1A4B565-144B-489F-9375-95B99BFD36B7}.Debug|x64.Build.0 = Debug|x64
		{D1A4B565-144B-489F-9375-95B99BFD36B7}.Debug|x86.ActiveCfg = Debug|Any CPU
		{D1A4B565-144B-489F-9375-95B99BFD36B7}.Debug|x86.Build.0 = Debug|Any CPU
		{D1A4B565-144B-489F-9375-95B99BFD36B7}.Release|Any CPU.ActiveCfg = Release|Any CPU
		{D1A4B565-144B-489F-9375-95B99BFD36B7}.Release|Any CPU.Build.0 = Release|Any CPU
		{D1A4B565-144B-489F-9375-95B99BFD36B7}.Release|x64.ActiveCfg = Release|x64
		{D1A4B565-144B-489F-9375-95B99BFD36B7}.Release|x64.Build.0 = Release|x64
		{D1A4B565-144B-489F-9375-95B99BFD36B7}.Release|x86.ActiveCfg = Release|Any CPU
		{D1A4B565-144B-489F-9375-95B99BFD36B7}.Release|x86.Build.0 = Release|Any CPU
		{CD99EDE9-FF03-477F-A873-977B25500F5F}.Debug|Any CPU.ActiveCfg = Debug|Any CPU
		{CD99EDE9-FF03-477F-A873-977B25500F5F}.Debug|Any CPU.Build.0 = Debug|Any CPU
		{CD99EDE9-FF03-477F-A873-977B25500F5F}.Debug|x64.ActiveCfg = Debug|x64
		{CD99EDE9-FF03-477F-A873-977B25500F5F}.Debug|x64.Build.0 = Debug|x64
		{CD99EDE9-FF03-477F-A873-977B25500F5F}.Debug|x86.ActiveCfg = Debug|Any CPU
		{CD99EDE9-FF03-477F-A873-977B25500F5F}.Debug|x86.Build.0 = Debug|Any CPU
		{CD99EDE9-FF03-477F-A873-977B25500F5F}.Release|Any CPU.ActiveCfg = Release|Any CPU
		{CD99EDE9-FF03-477F-A873-977B25500F5F}.Release|Any CPU.Build.0 = Release|Any CPU
		{CD99EDE9-FF03-477F-A873-977B25500F5F}.Release|x64.ActiveCfg = Release|x64
		{CD99EDE9-FF03-477F-A873-977B25500F5F}.Release|x64.Build.0 = Release|x64
		{CD99EDE9-FF03-477F-A873-977B25500F5F}.Release|x86.ActiveCfg = Release|Any CPU
		{CD99EDE9-FF03-477F-A873-977B25500F5F}.Release|x86.Build.0 = Release|Any CPU
		{DA31732B-3672-472E-AA08-35294FA9C2F3}.Debug|Any CPU.ActiveCfg = Debug|Any CPU
		{DA31732B-3672-472E-AA08-35294FA9C2F3}.Debug|Any CPU.Build.0 = Debug|Any CPU
		{DA31732B-3672-472E-AA08-35294FA9C2F3}.Debug|x64.ActiveCfg = Debug|x64
		{DA31732B-3672-472E-AA08-35294FA9C2F3}.Debug|x64.Build.0 = Debug|x64
		{DA31732B-3672-472E-AA08-35294FA9C2F3}.Debug|x86.ActiveCfg = Debug|Any CPU
		{DA31732B-3672-472E-AA08-35294FA9C2F3}.Debug|x86.Build.0 = Debug|Any CPU
		{DA31732B-3672-472E-AA08-35294FA9C2F3}.Release|Any CPU.ActiveCfg = Release|Any CPU
		{DA31732B-3672-472E-AA08-35294FA9C2F3}.Release|Any CPU.Build.0 = Release|Any CPU
		{DA31732B-3672-472E-AA08-35294FA9C2F3}.Release|x64.ActiveCfg = Release|x64
		{DA31732B-3672-472E-AA08-35294FA9C2F3}.Release|x64.Build.0 = Release|x64
		{DA31732B-3672-472E-AA08-35294FA9C2F3}.Release|x86.ActiveCfg = Release|Any CPU
		{DA31732B-3672-472E-AA08-35294FA9C2F3}.Release|x86.Build.0 = Release|Any CPU
		{DD767A6A-7530-4A2E-B303-BFC2D3C7065F}.Debug|Any CPU.ActiveCfg = Debug|Any CPU
		{DD767A6A-7530-4A2E-B303-BFC2D3C7065F}.Debug|Any CPU.Build.0 = Debug|Any CPU
		{DD767A6A-7530-4A2E-B303-BFC2D3C7065F}.Debug|x64.ActiveCfg = Debug|x64
		{DD767A6A-7530-4A2E-B303-BFC2D3C7065F}.Debug|x64.Build.0 = Debug|x64
		{DD767A6A-7530-4A2E-B303-BFC2D3C7065F}.Debug|x86.ActiveCfg = Debug|Any CPU
		{DD767A6A-7530-4A2E-B303-BFC2D3C7065F}.Debug|x86.Build.0 = Debug|Any CPU
		{DD767A6A-7530-4A2E-B303-BFC2D3C7065F}.Release|Any CPU.ActiveCfg = Release|Any CPU
		{DD767A6A-7530-4A2E-B303-BFC2D3C7065F}.Release|Any CPU.Build.0 = Release|Any CPU
		{DD767A6A-7530-4A2E-B303-BFC2D3C7065F}.Release|x64.ActiveCfg = Release|x64
		{DD767A6A-7530-4A2E-B303-BFC2D3C7065F}.Release|x64.Build.0 = Release|x64
		{DD767A6A-7530-4A2E-B303-BFC2D3C7065F}.Release|x86.ActiveCfg = Release|Any CPU
		{DD767A6A-7530-4A2E-B303-BFC2D3C7065F}.Release|x86.Build.0 = Release|Any CPU
		{23747E6A-0B6A-450F-975C-096C3F3AF59D}.Debug|Any CPU.ActiveCfg = Debug|Any CPU
		{23747E6A-0B6A-450F-975C-096C3F3AF59D}.Debug|Any CPU.Build.0 = Debug|Any CPU
		{23747E6A-0B6A-450F-975C-096C3F3AF59D}.Debug|x64.ActiveCfg = Debug|x64
		{23747E6A-0B6A-450F-975C-096C3F3AF59D}.Debug|x64.Build.0 = Debug|x64
		{23747E6A-0B6A-450F-975C-096C3F3AF59D}.Debug|x86.ActiveCfg = Debug|x86
		{23747E6A-0B6A-450F-975C-096C3F3AF59D}.Debug|x86.Build.0 = Debug|x86
		{23747E6A-0B6A-450F-975C-096C3F3AF59D}.Release|Any CPU.ActiveCfg = Release|Any CPU
		{23747E6A-0B6A-450F-975C-096C3F3AF59D}.Release|Any CPU.Build.0 = Release|Any CPU
		{23747E6A-0B6A-450F-975C-096C3F3AF59D}.Release|x64.ActiveCfg = Release|x64
		{23747E6A-0B6A-450F-975C-096C3F3AF59D}.Release|x64.Build.0 = Release|x64
		{23747E6A-0B6A-450F-975C-096C3F3AF59D}.Release|x86.ActiveCfg = Release|x86
		{23747E6A-0B6A-450F-975C-096C3F3AF59D}.Release|x86.Build.0 = Release|x86
		{E5D38355-44EA-49B0-922A-E2253C0ADEA9}.Debug|Any CPU.ActiveCfg = Debug|Any CPU
		{E5D38355-44EA-49B0-922A-E2253C0ADEA9}.Debug|Any CPU.Build.0 = Debug|Any CPU
		{E5D38355-44EA-49B0-922A-E2253C0ADEA9}.Debug|x64.ActiveCfg = Debug|x64
		{E5D38355-44EA-49B0-922A-E2253C0ADEA9}.Debug|x64.Build.0 = Debug|x64
		{E5D38355-44EA-49B0-922A-E2253C0ADEA9}.Debug|x86.ActiveCfg = Debug|x86
		{E5D38355-44EA-49B0-922A-E2253C0ADEA9}.Debug|x86.Build.0 = Debug|x86
		{E5D38355-44EA-49B0-922A-E2253C0ADEA9}.Release|Any CPU.ActiveCfg = Release|Any CPU
		{E5D38355-44EA-49B0-922A-E2253C0ADEA9}.Release|Any CPU.Build.0 = Release|Any CPU
		{E5D38355-44EA-49B0-922A-E2253C0ADEA9}.Release|x64.ActiveCfg = Release|x64
		{E5D38355-44EA-49B0-922A-E2253C0ADEA9}.Release|x64.Build.0 = Release|x64
		{E5D38355-44EA-49B0-922A-E2253C0ADEA9}.Release|x86.ActiveCfg = Release|x86
		{E5D38355-44EA-49B0-922A-E2253C0ADEA9}.Release|x86.Build.0 = Release|x86
		{A40894F0-FF73-4B12-86E5-A7BC48CCE37B}.Debug|Any CPU.ActiveCfg = Debug|Any CPU
		{A40894F0-FF73-4B12-86E5-A7BC48CCE37B}.Debug|Any CPU.Build.0 = Debug|Any CPU
		{A40894F0-FF73-4B12-86E5-A7BC48CCE37B}.Debug|x64.ActiveCfg = Debug|x64
		{A40894F0-FF73-4B12-86E5-A7BC48CCE37B}.Debug|x64.Build.0 = Debug|x64
		{A40894F0-FF73-4B12-86E5-A7BC48CCE37B}.Debug|x86.ActiveCfg = Debug|x86
		{A40894F0-FF73-4B12-86E5-A7BC48CCE37B}.Debug|x86.Build.0 = Debug|x86
		{A40894F0-FF73-4B12-86E5-A7BC48CCE37B}.Release|Any CPU.ActiveCfg = Release|Any CPU
		{A40894F0-FF73-4B12-86E5-A7BC48CCE37B}.Release|Any CPU.Build.0 = Release|Any CPU
		{A40894F0-FF73-4B12-86E5-A7BC48CCE37B}.Release|x64.ActiveCfg = Release|x64
		{A40894F0-FF73-4B12-86E5-A7BC48CCE37B}.Release|x64.Build.0 = Release|x64
		{A40894F0-FF73-4B12-86E5-A7BC48CCE37B}.Release|x86.ActiveCfg = Release|x86
		{A40894F0-FF73-4B12-86E5-A7BC48CCE37B}.Release|x86.Build.0 = Release|x86
		{BB18396D-4197-4932-A1C1-4F74DA6E488D}.Debug|Any CPU.ActiveCfg = Debug|Any CPU
		{BB18396D-4197-4932-A1C1-4F74DA6E488D}.Debug|Any CPU.Build.0 = Debug|Any CPU
		{BB18396D-4197-4932-A1C1-4F74DA6E488D}.Debug|x64.ActiveCfg = Debug|x64
		{BB18396D-4197-4932-A1C1-4F74DA6E488D}.Debug|x64.Build.0 = Debug|x64
		{BB18396D-4197-4932-A1C1-4F74DA6E488D}.Debug|x86.ActiveCfg = Debug|Any CPU
		{BB18396D-4197-4932-A1C1-4F74DA6E488D}.Debug|x86.Build.0 = Debug|Any CPU
		{BB18396D-4197-4932-A1C1-4F74DA6E488D}.Release|Any CPU.ActiveCfg = Release|Any CPU
		{BB18396D-4197-4932-A1C1-4F74DA6E488D}.Release|Any CPU.Build.0 = Release|Any CPU
		{BB18396D-4197-4932-A1C1-4F74DA6E488D}.Release|x64.ActiveCfg = Release|x64
		{BB18396D-4197-4932-A1C1-4F74DA6E488D}.Release|x64.Build.0 = Release|x64
		{BB18396D-4197-4932-A1C1-4F74DA6E488D}.Release|x86.ActiveCfg = Release|Any CPU
		{BB18396D-4197-4932-A1C1-4F74DA6E488D}.Release|x86.Build.0 = Release|Any CPU
		{95F3A7E8-A824-4F20-B8AD-98A392DBCDAB}.Debug|Any CPU.ActiveCfg = Debug|Any CPU
		{95F3A7E8-A824-4F20-B8AD-98A392DBCDAB}.Debug|Any CPU.Build.0 = Debug|Any CPU
		{95F3A7E8-A824-4F20-B8AD-98A392DBCDAB}.Debug|x64.ActiveCfg = Debug|x64
		{95F3A7E8-A824-4F20-B8AD-98A392DBCDAB}.Debug|x64.Build.0 = Debug|x64
		{95F3A7E8-A824-4F20-B8AD-98A392DBCDAB}.Debug|x86.ActiveCfg = Debug|x86
		{95F3A7E8-A824-4F20-B8AD-98A392DBCDAB}.Debug|x86.Build.0 = Debug|x86
		{95F3A7E8-A824-4F20-B8AD-98A392DBCDAB}.Release|Any CPU.ActiveCfg = Release|Any CPU
		{95F3A7E8-A824-4F20-B8AD-98A392DBCDAB}.Release|Any CPU.Build.0 = Release|Any CPU
		{95F3A7E8-A824-4F20-B8AD-98A392DBCDAB}.Release|x64.ActiveCfg = Release|x64
		{95F3A7E8-A824-4F20-B8AD-98A392DBCDAB}.Release|x64.Build.0 = Release|x64
		{95F3A7E8-A824-4F20-B8AD-98A392DBCDAB}.Release|x86.ActiveCfg = Release|x86
		{95F3A7E8-A824-4F20-B8AD-98A392DBCDAB}.Release|x86.Build.0 = Release|x86
	EndGlobalSection
	GlobalSection(SolutionProperties) = preSolution
		HideSolutionNode = FALSE
	EndGlobalSection
	GlobalSection(NestedProjects) = preSolution
		{BF5E7CC6-29BA-499A-BD0C-4D92321C3AAA} = {A1E7E944-EBE5-4304-8EF7-0FCFBF03D555}
		{DC19E9E4-B174-4AB6-AB74-6205B5488DF2} = {A1E7E944-EBE5-4304-8EF7-0FCFBF03D555}
		{7CAB6C39-2D93-4BC5-A793-C68C5A29BE02} = {A1E7E944-EBE5-4304-8EF7-0FCFBF03D555}
		{453E1D66-2AF0-4062-B0C0-2D1FFD6D3722} = {E5A68C32-30EC-47D1-A33E-D1D3DE95FCFF}
		{D1A4B565-144B-489F-9375-95B99BFD36B7} = {E5A68C32-30EC-47D1-A33E-D1D3DE95FCFF}
		{CD99EDE9-FF03-477F-A873-977B25500F5F} = {E5A68C32-30EC-47D1-A33E-D1D3DE95FCFF}
		{DD767A6A-7530-4A2E-B303-BFC2D3C7065F} = {CFD85561-36FE-4F5F-8FD7-169D60ECDF51}
		{23747E6A-0B6A-450F-975C-096C3F3AF59D} = {CFD85561-36FE-4F5F-8FD7-169D60ECDF51}
		{E5D38355-44EA-49B0-922A-E2253C0ADEA9} = {CFD85561-36FE-4F5F-8FD7-169D60ECDF51}
		{A40894F0-FF73-4B12-86E5-A7BC48CCE37B} = {CFD85561-36FE-4F5F-8FD7-169D60ECDF51}
		{BB18396D-4197-4932-A1C1-4F74DA6E488D} = {CFD85561-36FE-4F5F-8FD7-169D60ECDF51}
		{95F3A7E8-A824-4F20-B8AD-98A392DBCDAB} = {CFD85561-36FE-4F5F-8FD7-169D60ECDF51}
	EndGlobalSection
	GlobalSection(ExtensibilityGlobals) = postSolution
		SolutionGuid = {D0D953C8-0F01-43F9-8965-513356E2F73D}
	EndGlobalSection
EndGlobal
