
Microsoft Visual Studio Solution File, Format Version 12.00
# Visual Studio Version 17
VisualStudioVersion = 17.11.35005.142
MinimumVisualStudioVersion = 10.0.40219.1
Project("{9A19103F-16F7-4668-BE54-9A1E7A4F7556}") = "MinNavTpl.VM", "MinNavTpl.VM\MinNavTpl.VM.csproj", "{63313E71-0E9B-4BF5-9B2E-DF7FD46976F7}"
EndProject
Project("{9A19103F-16F7-4668-BE54-9A1E7A4F7556}") = "OpenVsOnTheCulpritLine", "..\..\..\Util\Src\OpenVsOnTheCulpritLine\OpenVsOnTheCulpritLine.csproj", "{645BBE5C-BF53-470C-9E6C-414A2E5D65B8}"
EndProject
Project("{9A19103F-16F7-4668-BE54-9A1E7A4F7556}") = "GenderApiLib", "..\..\..\Util\Src\GenderApiLib\GenderApiLib.csproj", "{943203EA-7D70-48DE-B215-91C03ADF6B16}"
EndProject
Project("{9A19103F-16F7-4668-BE54-9A1E7A4F7556}") = "MinNavTpl.Contract", "MinNavTpl.Contract\MinNavTpl.Contract.csproj", "{F80F9B4B-5CF0-4DFD-97B6-A703B777B3DE}"
EndProject
Project("{9A19103F-16F7-4668-BE54-9A1E7A4F7556}") = "Emailing.NET6", "..\..\..\GigaHunt\Src\sln\Emailing.NET6\Emailing.NET6.csproj", "{646D1A69-C584-4998-B548-066E5E5FCF27}"
EndProject
Project("{9A19103F-16F7-4668-BE54-9A1E7A4F7556}") = "CI.LDAP.Lib", "..\..\..\CI-DPL-IMP\Src\SharedLib\CI.LDAP.Lib\CI.LDAP.Lib.csproj", "{2E4164E7-F0A5-4E50-A5B7-7815F8138474}"
EndProject
Project("{9A19103F-16F7-4668-BE54-9A1E7A4F7556}") = "Db.MinFinInv.PowerTools", "..\..\..\AAV.Shared\Src\Db\Db.MinFinInv.PowerTools\Db.MinFinInv.PowerTools.csproj", "{0A468AFE-5601-4D38-B47E-11AAF5413EF0}"
EndProject
Project("{9A19103F-16F7-4668-BE54-9A1E7A4F7556}") = "EfDbHelperLib", "..\..\..\AAV.Shared\Src\NetLts\EfDbHelperLib\EfDbHelperLib.csproj", "{1D2239E8-AC50-4C05-AF2C-7301642C8AFB}"
EndProject
Project("{9A19103F-16F7-4668-BE54-9A1E7A4F7556}") = "StandardContractsLib", "..\..\..\AAV.Shared\Src\NetLts\StandardContractsLib\StandardContractsLib.csproj", "{73C80C08-0E28-4E02-A2E5-117C3A074248}"
EndProject
Project("{9A19103F-16F7-4668-BE54-9A1E7A4F7556}") = "StandardLib", "..\..\..\AAV.Shared\Src\NetLts\StandardLib\StandardLib.csproj", "{9F920E07-9EB0-4612-94CA-61246B64B5CD}"
EndProject
Project("{9A19103F-16F7-4668-BE54-9A1E7A4F7556}") = "WpfUserControlLib", "..\..\..\AAV.Shared\Src\NetLts\WpfUserControlLib\WpfUserControlLib.csproj", "{C9925A88-AADD-4A11-91E4-6902883AF913}"
EndProject
Project("{9A19103F-16F7-4668-BE54-9A1E7A4F7556}") = "MinNavTpl.View.Spec", "MinNavTpl.View.Spec\MinNavTpl.View.Spec.csproj", "{DE9F65C1-23CB-46CE-8F33-821BBFAE9D78}"
EndProject
Project("{9A19103F-16F7-4668-BE54-9A1E7A4F7556}") = "MinNavTpl.View", "MinNavTpl.View\MinNavTpl.View.csproj", "{2AC93E93-43D2-4218-ABDC-31C34F27ECD7}"
EndProject
Project("{9A19103F-16F7-4668-BE54-9A1E7A4F7556}") = "MinNavTpl", "MinNavTpl\MinNavTpl.csproj", "{591E4436-37DE-4832-9EAC-E11A3B62CBD1}"
EndProject
Project("{9A19103F-16F7-4668-BE54-9A1E7A4F7556}") = "PhoneAreaCoder", "..\..\..\AAV.Shared\Src\NetLts\PhoneAreaCoder\PhoneAreaCoder.csproj", "{1514541B-5E56-44B5-AA91-25306ECAD757}"
EndProject
Project("{9A19103F-16F7-4668-BE54-9A1E7A4F7556}") = "DB.QStats.Std", "..\..\..\GigaHunt\Src\sln\DB.QStats.Std\DB.QStats.Std.csproj", "{0A0AEB60-3102-414E-BAFA-EC059B5736E5}"
EndProject
Project("{9A19103F-16F7-4668-BE54-9A1E7A4F7556}") = "LibraryImportLib", "..\..\..\AAV.Shared\Src\NetLts\LibraryImportLib\LibraryImportLib.csproj", "{A93DD2A7-C4DF-4512-9890-D1767EB2C278}"
EndProject
Project("{FAE04EC0-301F-11D3-BF4B-00C04F79EFBC}") = "NavigationDrawerControl", "..\..\..\AAV.Shared\Src\NetLts\NavigationDrawerControl\NavigationDrawerControl.csproj", "{F840DE1F-697E-4E2C-B189-2F758B75BA02}"
EndProject
Project("{FAE04EC0-301F-11D3-BF4B-00C04F79EFBC}") = "AmbienceLib", "..\..\..\AAV.Shared\Src\NetLts\Ambience\AmbienceLib.csproj", "{5334ED9F-92A4-45AD-85A6-C47DE7D17683}"
EndProject
Project("{FAE04EC0-301F-11D3-BF4B-00C04F79EFBC}") = "MsGraphLibVer1", "..\..\..\AAV.Shared\Src\NetLts\MsGraphLib\MsGraphLibVer1.csproj", "{2D6603B4-F7F0-F2F8-A5FF-F0730475ABF4}"
EndProject
Project("{FAE04EC0-301F-11D3-BF4B-00C04F79EFBC}") = "MsGraph.Email", "MsGraph.Email\MsGraph.Email.csproj", "{CBF40EA6-0842-4AAA-9242-75D98491272D}"
EndProject
Project("{FAE04EC0-301F-11D3-BF4B-00C04F79EFBC}") = "MsGraphLibContract", "..\..\..\AiGen\Sln1\MsGraphLibContract\MsGraphLibContract.csproj", "{0894269E-39CB-D31E-A03E-DD9A9959EDE3}"
EndProject
Project("{FAE04EC0-301F-11D3-BF4B-00C04F79EFBC}") = "MsGraph.Email.ConsoleApp", "MsGraph.Email.ConsoleApp\MsGraph.Email.ConsoleApp.csproj", "{2C62C64C-8374-4132-A5CB-99958BE02880}"
EndProject
Project("{FAE04EC0-301F-11D3-BF4B-00C04F79EFBC}") = "MsGraph.Email.WpfControlLibrary", "MsGraph.Email.WpfControlLibrary\MsGraph.Email.WpfControlLibrary.csproj", "{F6444193-BA6C-48C6-9EA8-63A278EAA85C}"
EndProject
Global
	GlobalSection(SolutionConfigurationPlatforms) = preSolution
		Debug|Any CPU = Debug|Any CPU
		Debug|ARM32 = Debug|ARM32
		Debug|x64 = Debug|x64
		Debug|x86 = Debug|x86
		Release|Any CPU = Release|Any CPU
		Release|ARM32 = Release|ARM32
		Release|x64 = Release|x64
		Release|x86 = Release|x86
	EndGlobalSection
	GlobalSection(ProjectConfigurationPlatforms) = postSolution
		{63313E71-0E9B-4BF5-9B2E-DF7FD46976F7}.Debug|Any CPU.ActiveCfg = Debug|Any CPU
		{63313E71-0E9B-4BF5-9B2E-DF7FD46976F7}.Debug|Any CPU.Build.0 = Debug|Any CPU
		{63313E71-0E9B-4BF5-9B2E-DF7FD46976F7}.Debug|ARM32.ActiveCfg = Debug|Any CPU
		{63313E71-0E9B-4BF5-9B2E-DF7FD46976F7}.Debug|ARM32.Build.0 = Debug|Any CPU
		{63313E71-0E9B-4BF5-9B2E-DF7FD46976F7}.Debug|x64.ActiveCfg = Debug|x64
		{63313E71-0E9B-4BF5-9B2E-DF7FD46976F7}.Debug|x64.Build.0 = Debug|x64
		{63313E71-0E9B-4BF5-9B2E-DF7FD46976F7}.Debug|x86.ActiveCfg = Debug|Any CPU
		{63313E71-0E9B-4BF5-9B2E-DF7FD46976F7}.Debug|x86.Build.0 = Debug|Any CPU
		{63313E71-0E9B-4BF5-9B2E-DF7FD46976F7}.Release|Any CPU.ActiveCfg = Release|Any CPU
		{63313E71-0E9B-4BF5-9B2E-DF7FD46976F7}.Release|Any CPU.Build.0 = Release|Any CPU
		{63313E71-0E9B-4BF5-9B2E-DF7FD46976F7}.Release|ARM32.ActiveCfg = Release|Any CPU
		{63313E71-0E9B-4BF5-9B2E-DF7FD46976F7}.Release|ARM32.Build.0 = Release|Any CPU
		{63313E71-0E9B-4BF5-9B2E-DF7FD46976F7}.Release|x64.ActiveCfg = Release|x64
		{63313E71-0E9B-4BF5-9B2E-DF7FD46976F7}.Release|x64.Build.0 = Release|x64
		{63313E71-0E9B-4BF5-9B2E-DF7FD46976F7}.Release|x86.ActiveCfg = Release|Any CPU
		{63313E71-0E9B-4BF5-9B2E-DF7FD46976F7}.Release|x86.Build.0 = Release|Any CPU
		{645BBE5C-BF53-470C-9E6C-414A2E5D65B8}.Debug|Any CPU.ActiveCfg = Debug|Any CPU
		{645BBE5C-BF53-470C-9E6C-414A2E5D65B8}.Debug|Any CPU.Build.0 = Debug|Any CPU
		{645BBE5C-BF53-470C-9E6C-414A2E5D65B8}.Debug|ARM32.ActiveCfg = Debug|Any CPU
		{645BBE5C-BF53-470C-9E6C-414A2E5D65B8}.Debug|ARM32.Build.0 = Debug|Any CPU
		{645BBE5C-BF53-470C-9E6C-414A2E5D65B8}.Debug|x64.ActiveCfg = Debug|x64
		{645BBE5C-BF53-470C-9E6C-414A2E5D65B8}.Debug|x64.Build.0 = Debug|x64
		{645BBE5C-BF53-470C-9E6C-414A2E5D65B8}.Debug|x86.ActiveCfg = Debug|Any CPU
		{645BBE5C-BF53-470C-9E6C-414A2E5D65B8}.Debug|x86.Build.0 = Debug|Any CPU
		{645BBE5C-BF53-470C-9E6C-414A2E5D65B8}.Release|Any CPU.ActiveCfg = Release|Any CPU
		{645BBE5C-BF53-470C-9E6C-414A2E5D65B8}.Release|Any CPU.Build.0 = Release|Any CPU
		{645BBE5C-BF53-470C-9E6C-414A2E5D65B8}.Release|ARM32.ActiveCfg = Release|Any CPU
		{645BBE5C-BF53-470C-9E6C-414A2E5D65B8}.Release|ARM32.Build.0 = Release|Any CPU
		{645BBE5C-BF53-470C-9E6C-414A2E5D65B8}.Release|x64.ActiveCfg = Release|Any CPU
		{645BBE5C-BF53-470C-9E6C-414A2E5D65B8}.Release|x64.Build.0 = Release|Any CPU
		{645BBE5C-BF53-470C-9E6C-414A2E5D65B8}.Release|x86.ActiveCfg = Release|Any CPU
		{645BBE5C-BF53-470C-9E6C-414A2E5D65B8}.Release|x86.Build.0 = Release|Any CPU
		{943203EA-7D70-48DE-B215-91C03ADF6B16}.Debug|Any CPU.ActiveCfg = Debug|Any CPU
		{943203EA-7D70-48DE-B215-91C03ADF6B16}.Debug|Any CPU.Build.0 = Debug|Any CPU
		{943203EA-7D70-48DE-B215-91C03ADF6B16}.Debug|ARM32.ActiveCfg = Debug|Any CPU
		{943203EA-7D70-48DE-B215-91C03ADF6B16}.Debug|ARM32.Build.0 = Debug|Any CPU
		{943203EA-7D70-48DE-B215-91C03ADF6B16}.Debug|x64.ActiveCfg = Debug|x64
		{943203EA-7D70-48DE-B215-91C03ADF6B16}.Debug|x64.Build.0 = Debug|x64
		{943203EA-7D70-48DE-B215-91C03ADF6B16}.Debug|x86.ActiveCfg = Debug|Any CPU
		{943203EA-7D70-48DE-B215-91C03ADF6B16}.Debug|x86.Build.0 = Debug|Any CPU
		{943203EA-7D70-48DE-B215-91C03ADF6B16}.Release|Any CPU.ActiveCfg = Release|Any CPU
		{943203EA-7D70-48DE-B215-91C03ADF6B16}.Release|Any CPU.Build.0 = Release|Any CPU
		{943203EA-7D70-48DE-B215-91C03ADF6B16}.Release|ARM32.ActiveCfg = Release|Any CPU
		{943203EA-7D70-48DE-B215-91C03ADF6B16}.Release|ARM32.Build.0 = Release|Any CPU
		{943203EA-7D70-48DE-B215-91C03ADF6B16}.Release|x64.ActiveCfg = Release|x64
		{943203EA-7D70-48DE-B215-91C03ADF6B16}.Release|x64.Build.0 = Release|x64
		{943203EA-7D70-48DE-B215-91C03ADF6B16}.Release|x86.ActiveCfg = Release|Any CPU
		{943203EA-7D70-48DE-B215-91C03ADF6B16}.Release|x86.Build.0 = Release|Any CPU
		{F80F9B4B-5CF0-4DFD-97B6-A703B777B3DE}.Debug|Any CPU.ActiveCfg = Debug|Any CPU
		{F80F9B4B-5CF0-4DFD-97B6-A703B777B3DE}.Debug|Any CPU.Build.0 = Debug|Any CPU
		{F80F9B4B-5CF0-4DFD-97B6-A703B777B3DE}.Debug|ARM32.ActiveCfg = Debug|Any CPU
		{F80F9B4B-5CF0-4DFD-97B6-A703B777B3DE}.Debug|ARM32.Build.0 = Debug|Any CPU
		{F80F9B4B-5CF0-4DFD-97B6-A703B777B3DE}.Debug|x64.ActiveCfg = Debug|x64
		{F80F9B4B-5CF0-4DFD-97B6-A703B777B3DE}.Debug|x64.Build.0 = Debug|x64
		{F80F9B4B-5CF0-4DFD-97B6-A703B777B3DE}.Debug|x86.ActiveCfg = Debug|Any CPU
		{F80F9B4B-5CF0-4DFD-97B6-A703B777B3DE}.Debug|x86.Build.0 = Debug|Any CPU
		{F80F9B4B-5CF0-4DFD-97B6-A703B777B3DE}.Release|Any CPU.ActiveCfg = Release|Any CPU
		{F80F9B4B-5CF0-4DFD-97B6-A703B777B3DE}.Release|Any CPU.Build.0 = Release|Any CPU
		{F80F9B4B-5CF0-4DFD-97B6-A703B777B3DE}.Release|ARM32.ActiveCfg = Release|Any CPU
		{F80F9B4B-5CF0-4DFD-97B6-A703B777B3DE}.Release|ARM32.Build.0 = Release|Any CPU
		{F80F9B4B-5CF0-4DFD-97B6-A703B777B3DE}.Release|x64.ActiveCfg = Release|x64
		{F80F9B4B-5CF0-4DFD-97B6-A703B777B3DE}.Release|x64.Build.0 = Release|x64
		{F80F9B4B-5CF0-4DFD-97B6-A703B777B3DE}.Release|x86.ActiveCfg = Release|Any CPU
		{F80F9B4B-5CF0-4DFD-97B6-A703B777B3DE}.Release|x86.Build.0 = Release|Any CPU
		{646D1A69-C584-4998-B548-066E5E5FCF27}.Debug|Any CPU.ActiveCfg = Debug|Any CPU
		{646D1A69-C584-4998-B548-066E5E5FCF27}.Debug|Any CPU.Build.0 = Debug|Any CPU
		{646D1A69-C584-4998-B548-066E5E5FCF27}.Debug|ARM32.ActiveCfg = Debug|Any CPU
		{646D1A69-C584-4998-B548-066E5E5FCF27}.Debug|ARM32.Build.0 = Debug|Any CPU
		{646D1A69-C584-4998-B548-066E5E5FCF27}.Debug|x64.ActiveCfg = Debug|x64
		{646D1A69-C584-4998-B548-066E5E5FCF27}.Debug|x64.Build.0 = Debug|x64
		{646D1A69-C584-4998-B548-066E5E5FCF27}.Debug|x86.ActiveCfg = Debug|Any CPU
		{646D1A69-C584-4998-B548-066E5E5FCF27}.Debug|x86.Build.0 = Debug|Any CPU
		{646D1A69-C584-4998-B548-066E5E5FCF27}.Release|Any CPU.ActiveCfg = Release|Any CPU
		{646D1A69-C584-4998-B548-066E5E5FCF27}.Release|Any CPU.Build.0 = Release|Any CPU
		{646D1A69-C584-4998-B548-066E5E5FCF27}.Release|ARM32.ActiveCfg = Release|Any CPU
		{646D1A69-C584-4998-B548-066E5E5FCF27}.Release|ARM32.Build.0 = Release|Any CPU
		{646D1A69-C584-4998-B548-066E5E5FCF27}.Release|x64.ActiveCfg = Release|x64
		{646D1A69-C584-4998-B548-066E5E5FCF27}.Release|x64.Build.0 = Release|x64
		{646D1A69-C584-4998-B548-066E5E5FCF27}.Release|x86.ActiveCfg = Release|Any CPU
		{646D1A69-C584-4998-B548-066E5E5FCF27}.Release|x86.Build.0 = Release|Any CPU
		{2E4164E7-F0A5-4E50-A5B7-7815F8138474}.Debug|Any CPU.ActiveCfg = Debug|Any CPU
		{2E4164E7-F0A5-4E50-A5B7-7815F8138474}.Debug|Any CPU.Build.0 = Debug|Any CPU
		{2E4164E7-F0A5-4E50-A5B7-7815F8138474}.Debug|ARM32.ActiveCfg = Debug|Any CPU
		{2E4164E7-F0A5-4E50-A5B7-7815F8138474}.Debug|ARM32.Build.0 = Debug|Any CPU
		{2E4164E7-F0A5-4E50-A5B7-7815F8138474}.Debug|x64.ActiveCfg = Debug|x64
		{2E4164E7-F0A5-4E50-A5B7-7815F8138474}.Debug|x64.Build.0 = Debug|x64
		{2E4164E7-F0A5-4E50-A5B7-7815F8138474}.Debug|x86.ActiveCfg = Debug|x86
		{2E4164E7-F0A5-4E50-A5B7-7815F8138474}.Debug|x86.Build.0 = Debug|x86
		{2E4164E7-F0A5-4E50-A5B7-7815F8138474}.Release|Any CPU.ActiveCfg = Release|Any CPU
		{2E4164E7-F0A5-4E50-A5B7-7815F8138474}.Release|Any CPU.Build.0 = Release|Any CPU
		{2E4164E7-F0A5-4E50-A5B7-7815F8138474}.Release|ARM32.ActiveCfg = Release|Any CPU
		{2E4164E7-F0A5-4E50-A5B7-7815F8138474}.Release|ARM32.Build.0 = Release|Any CPU
		{2E4164E7-F0A5-4E50-A5B7-7815F8138474}.Release|x64.ActiveCfg = Release|x64
		{2E4164E7-F0A5-4E50-A5B7-7815F8138474}.Release|x64.Build.0 = Release|x64
		{2E4164E7-F0A5-4E50-A5B7-7815F8138474}.Release|x86.ActiveCfg = Release|x86
		{2E4164E7-F0A5-4E50-A5B7-7815F8138474}.Release|x86.Build.0 = Release|x86
		{0A468AFE-5601-4D38-B47E-11AAF5413EF0}.Debug|Any CPU.ActiveCfg = Debug|Any CPU
		{0A468AFE-5601-4D38-B47E-11AAF5413EF0}.Debug|Any CPU.Build.0 = Debug|Any CPU
		{0A468AFE-5601-4D38-B47E-11AAF5413EF0}.Debug|ARM32.ActiveCfg = Debug|Any CPU
		{0A468AFE-5601-4D38-B47E-11AAF5413EF0}.Debug|ARM32.Build.0 = Debug|Any CPU
		{0A468AFE-5601-4D38-B47E-11AAF5413EF0}.Debug|x64.ActiveCfg = Debug|x64
		{0A468AFE-5601-4D38-B47E-11AAF5413EF0}.Debug|x64.Build.0 = Debug|x64
		{0A468AFE-5601-4D38-B47E-11AAF5413EF0}.Debug|x86.ActiveCfg = Debug|Any CPU
		{0A468AFE-5601-4D38-B47E-11AAF5413EF0}.Debug|x86.Build.0 = Debug|Any CPU
		{0A468AFE-5601-4D38-B47E-11AAF5413EF0}.Release|Any CPU.ActiveCfg = Release|Any CPU
		{0A468AFE-5601-4D38-B47E-11AAF5413EF0}.Release|Any CPU.Build.0 = Release|Any CPU
		{0A468AFE-5601-4D38-B47E-11AAF5413EF0}.Release|ARM32.ActiveCfg = Release|Any CPU
		{0A468AFE-5601-4D38-B47E-11AAF5413EF0}.Release|ARM32.Build.0 = Release|Any CPU
		{0A468AFE-5601-4D38-B47E-11AAF5413EF0}.Release|x64.ActiveCfg = Release|x64
		{0A468AFE-5601-4D38-B47E-11AAF5413EF0}.Release|x64.Build.0 = Release|x64
		{0A468AFE-5601-4D38-B47E-11AAF5413EF0}.Release|x86.ActiveCfg = Release|Any CPU
		{0A468AFE-5601-4D38-B47E-11AAF5413EF0}.Release|x86.Build.0 = Release|Any CPU
		{1D2239E8-AC50-4C05-AF2C-7301642C8AFB}.Debug|Any CPU.ActiveCfg = Debug|Any CPU
		{1D2239E8-AC50-4C05-AF2C-7301642C8AFB}.Debug|Any CPU.Build.0 = Debug|Any CPU
		{1D2239E8-AC50-4C05-AF2C-7301642C8AFB}.Debug|ARM32.ActiveCfg = Debug|Any CPU
		{1D2239E8-AC50-4C05-AF2C-7301642C8AFB}.Debug|ARM32.Build.0 = Debug|Any CPU
		{1D2239E8-AC50-4C05-AF2C-7301642C8AFB}.Debug|x64.ActiveCfg = Debug|x64
		{1D2239E8-AC50-4C05-AF2C-7301642C8AFB}.Debug|x64.Build.0 = Debug|x64
		{1D2239E8-AC50-4C05-AF2C-7301642C8AFB}.Debug|x86.ActiveCfg = Debug|x86
		{1D2239E8-AC50-4C05-AF2C-7301642C8AFB}.Debug|x86.Build.0 = Debug|x86
		{1D2239E8-AC50-4C05-AF2C-7301642C8AFB}.Release|Any CPU.ActiveCfg = Release|Any CPU
		{1D2239E8-AC50-4C05-AF2C-7301642C8AFB}.Release|Any CPU.Build.0 = Release|Any CPU
		{1D2239E8-AC50-4C05-AF2C-7301642C8AFB}.Release|ARM32.ActiveCfg = Release|Any CPU
		{1D2239E8-AC50-4C05-AF2C-7301642C8AFB}.Release|ARM32.Build.0 = Release|Any CPU
		{1D2239E8-AC50-4C05-AF2C-7301642C8AFB}.Release|x64.ActiveCfg = Release|x64
		{1D2239E8-AC50-4C05-AF2C-7301642C8AFB}.Release|x64.Build.0 = Release|x64
		{1D2239E8-AC50-4C05-AF2C-7301642C8AFB}.Release|x86.ActiveCfg = Release|x86
		{1D2239E8-AC50-4C05-AF2C-7301642C8AFB}.Release|x86.Build.0 = Release|x86
		{73C80C08-0E28-4E02-A2E5-117C3A074248}.Debug|Any CPU.ActiveCfg = Debug|Any CPU
		{73C80C08-0E28-4E02-A2E5-117C3A074248}.Debug|Any CPU.Build.0 = Debug|Any CPU
		{73C80C08-0E28-4E02-A2E5-117C3A074248}.Debug|ARM32.ActiveCfg = Debug|Any CPU
		{73C80C08-0E28-4E02-A2E5-117C3A074248}.Debug|ARM32.Build.0 = Debug|Any CPU
		{73C80C08-0E28-4E02-A2E5-117C3A074248}.Debug|x64.ActiveCfg = Debug|x64
		{73C80C08-0E28-4E02-A2E5-117C3A074248}.Debug|x64.Build.0 = Debug|x64
		{73C80C08-0E28-4E02-A2E5-117C3A074248}.Debug|x86.ActiveCfg = Debug|Any CPU
		{73C80C08-0E28-4E02-A2E5-117C3A074248}.Debug|x86.Build.0 = Debug|Any CPU
		{73C80C08-0E28-4E02-A2E5-117C3A074248}.Release|Any CPU.ActiveCfg = Release|Any CPU
		{73C80C08-0E28-4E02-A2E5-117C3A074248}.Release|Any CPU.Build.0 = Release|Any CPU
		{73C80C08-0E28-4E02-A2E5-117C3A074248}.Release|ARM32.ActiveCfg = Release|Any CPU
		{73C80C08-0E28-4E02-A2E5-117C3A074248}.Release|ARM32.Build.0 = Release|Any CPU
		{73C80C08-0E28-4E02-A2E5-117C3A074248}.Release|x64.ActiveCfg = Release|x64
		{73C80C08-0E28-4E02-A2E5-117C3A074248}.Release|x64.Build.0 = Release|x64
		{73C80C08-0E28-4E02-A2E5-117C3A074248}.Release|x86.ActiveCfg = Release|Any CPU
		{73C80C08-0E28-4E02-A2E5-117C3A074248}.Release|x86.Build.0 = Release|Any CPU
		{9F920E07-9EB0-4612-94CA-61246B64B5CD}.Debug|Any CPU.ActiveCfg = Debug|Any CPU
		{9F920E07-9EB0-4612-94CA-61246B64B5CD}.Debug|Any CPU.Build.0 = Debug|Any CPU
		{9F920E07-9EB0-4612-94CA-61246B64B5CD}.Debug|ARM32.ActiveCfg = Debug|Any CPU
		{9F920E07-9EB0-4612-94CA-61246B64B5CD}.Debug|ARM32.Build.0 = Debug|Any CPU
		{9F920E07-9EB0-4612-94CA-61246B64B5CD}.Debug|x64.ActiveCfg = Debug|x64
		{9F920E07-9EB0-4612-94CA-61246B64B5CD}.Debug|x64.Build.0 = Debug|x64
		{9F920E07-9EB0-4612-94CA-61246B64B5CD}.Debug|x86.ActiveCfg = Debug|Any CPU
		{9F920E07-9EB0-4612-94CA-61246B64B5CD}.Debug|x86.Build.0 = Debug|Any CPU
		{9F920E07-9EB0-4612-94CA-61246B64B5CD}.Release|Any CPU.ActiveCfg = Release|Any CPU
		{9F920E07-9EB0-4612-94CA-61246B64B5CD}.Release|Any CPU.Build.0 = Release|Any CPU
		{9F920E07-9EB0-4612-94CA-61246B64B5CD}.Release|ARM32.ActiveCfg = Release|Any CPU
		{9F920E07-9EB0-4612-94CA-61246B64B5CD}.Release|ARM32.Build.0 = Release|Any CPU
		{9F920E07-9EB0-4612-94CA-61246B64B5CD}.Release|x64.ActiveCfg = Release|x64
		{9F920E07-9EB0-4612-94CA-61246B64B5CD}.Release|x64.Build.0 = Release|x64
		{9F920E07-9EB0-4612-94CA-61246B64B5CD}.Release|x86.ActiveCfg = Release|Any CPU
		{9F920E07-9EB0-4612-94CA-61246B64B5CD}.Release|x86.Build.0 = Release|Any CPU
		{C9925A88-AADD-4A11-91E4-6902883AF913}.Debug|Any CPU.ActiveCfg = Debug|Any CPU
		{C9925A88-AADD-4A11-91E4-6902883AF913}.Debug|Any CPU.Build.0 = Debug|Any CPU
		{C9925A88-AADD-4A11-91E4-6902883AF913}.Debug|ARM32.ActiveCfg = Debug|Any CPU
		{C9925A88-AADD-4A11-91E4-6902883AF913}.Debug|ARM32.Build.0 = Debug|Any CPU
		{C9925A88-AADD-4A11-91E4-6902883AF913}.Debug|x64.ActiveCfg = Debug|x64
		{C9925A88-AADD-4A11-91E4-6902883AF913}.Debug|x64.Build.0 = Debug|x64
		{C9925A88-AADD-4A11-91E4-6902883AF913}.Debug|x86.ActiveCfg = Debug|Any CPU
		{C9925A88-AADD-4A11-91E4-6902883AF913}.Debug|x86.Build.0 = Debug|Any CPU
		{C9925A88-AADD-4A11-91E4-6902883AF913}.Release|Any CPU.ActiveCfg = Release|Any CPU
		{C9925A88-AADD-4A11-91E4-6902883AF913}.Release|Any CPU.Build.0 = Release|Any CPU
		{C9925A88-AADD-4A11-91E4-6902883AF913}.Release|ARM32.ActiveCfg = Release|Any CPU
		{C9925A88-AADD-4A11-91E4-6902883AF913}.Release|ARM32.Build.0 = Release|Any CPU
		{C9925A88-AADD-4A11-91E4-6902883AF913}.Release|x64.ActiveCfg = Release|x64
		{C9925A88-AADD-4A11-91E4-6902883AF913}.Release|x64.Build.0 = Release|x64
		{C9925A88-AADD-4A11-91E4-6902883AF913}.Release|x86.ActiveCfg = Release|Any CPU
		{C9925A88-AADD-4A11-91E4-6902883AF913}.Release|x86.Build.0 = Release|Any CPU
		{DE9F65C1-23CB-46CE-8F33-821BBFAE9D78}.Debug|Any CPU.ActiveCfg = Debug|Any CPU
		{DE9F65C1-23CB-46CE-8F33-821BBFAE9D78}.Debug|Any CPU.Build.0 = Debug|Any CPU
		{DE9F65C1-23CB-46CE-8F33-821BBFAE9D78}.Debug|ARM32.ActiveCfg = Debug|Any CPU
		{DE9F65C1-23CB-46CE-8F33-821BBFAE9D78}.Debug|ARM32.Build.0 = Debug|Any CPU
		{DE9F65C1-23CB-46CE-8F33-821BBFAE9D78}.Debug|x64.ActiveCfg = Debug|x64
		{DE9F65C1-23CB-46CE-8F33-821BBFAE9D78}.Debug|x64.Build.0 = Debug|x64
		{DE9F65C1-23CB-46CE-8F33-821BBFAE9D78}.Debug|x86.ActiveCfg = Debug|Any CPU
		{DE9F65C1-23CB-46CE-8F33-821BBFAE9D78}.Debug|x86.Build.0 = Debug|Any CPU
		{DE9F65C1-23CB-46CE-8F33-821BBFAE9D78}.Release|Any CPU.ActiveCfg = Release|Any CPU
		{DE9F65C1-23CB-46CE-8F33-821BBFAE9D78}.Release|Any CPU.Build.0 = Release|Any CPU
		{DE9F65C1-23CB-46CE-8F33-821BBFAE9D78}.Release|ARM32.ActiveCfg = Release|Any CPU
		{DE9F65C1-23CB-46CE-8F33-821BBFAE9D78}.Release|ARM32.Build.0 = Release|Any CPU
		{DE9F65C1-23CB-46CE-8F33-821BBFAE9D78}.Release|x64.ActiveCfg = Release|x64
		{DE9F65C1-23CB-46CE-8F33-821BBFAE9D78}.Release|x64.Build.0 = Release|x64
		{DE9F65C1-23CB-46CE-8F33-821BBFAE9D78}.Release|x86.ActiveCfg = Release|Any CPU
		{DE9F65C1-23CB-46CE-8F33-821BBFAE9D78}.Release|x86.Build.0 = Release|Any CPU
		{2AC93E93-43D2-4218-ABDC-31C34F27ECD7}.Debug|Any CPU.ActiveCfg = Debug|Any CPU
		{2AC93E93-43D2-4218-ABDC-31C34F27ECD7}.Debug|Any CPU.Build.0 = Debug|Any CPU
		{2AC93E93-43D2-4218-ABDC-31C34F27ECD7}.Debug|ARM32.ActiveCfg = Debug|Any CPU
		{2AC93E93-43D2-4218-ABDC-31C34F27ECD7}.Debug|ARM32.Build.0 = Debug|Any CPU
		{2AC93E93-43D2-4218-ABDC-31C34F27ECD7}.Debug|x64.ActiveCfg = Debug|x64
		{2AC93E93-43D2-4218-ABDC-31C34F27ECD7}.Debug|x64.Build.0 = Debug|x64
		{2AC93E93-43D2-4218-ABDC-31C34F27ECD7}.Debug|x86.ActiveCfg = Debug|Any CPU
		{2AC93E93-43D2-4218-ABDC-31C34F27ECD7}.Debug|x86.Build.0 = Debug|Any CPU
		{2AC93E93-43D2-4218-ABDC-31C34F27ECD7}.Release|Any CPU.ActiveCfg = Release|Any CPU
		{2AC93E93-43D2-4218-ABDC-31C34F27ECD7}.Release|Any CPU.Build.0 = Release|Any CPU
		{2AC93E93-43D2-4218-ABDC-31C34F27ECD7}.Release|ARM32.ActiveCfg = Release|Any CPU
		{2AC93E93-43D2-4218-ABDC-31C34F27ECD7}.Release|ARM32.Build.0 = Release|Any CPU
		{2AC93E93-43D2-4218-ABDC-31C34F27ECD7}.Release|x64.ActiveCfg = Release|x64
		{2AC93E93-43D2-4218-ABDC-31C34F27ECD7}.Release|x64.Build.0 = Release|x64
		{2AC93E93-43D2-4218-ABDC-31C34F27ECD7}.Release|x86.ActiveCfg = Release|Any CPU
		{2AC93E93-43D2-4218-ABDC-31C34F27ECD7}.Release|x86.Build.0 = Release|Any CPU
		{591E4436-37DE-4832-9EAC-E11A3B62CBD1}.Debug|Any CPU.ActiveCfg = Debug|Any CPU
		{591E4436-37DE-4832-9EAC-E11A3B62CBD1}.Debug|Any CPU.Build.0 = Debug|Any CPU
		{591E4436-37DE-4832-9EAC-E11A3B62CBD1}.Debug|ARM32.ActiveCfg = Debug|Any CPU
		{591E4436-37DE-4832-9EAC-E11A3B62CBD1}.Debug|ARM32.Build.0 = Debug|Any CPU
		{591E4436-37DE-4832-9EAC-E11A3B62CBD1}.Debug|x64.ActiveCfg = Debug|x64
		{591E4436-37DE-4832-9EAC-E11A3B62CBD1}.Debug|x64.Build.0 = Debug|x64
		{591E4436-37DE-4832-9EAC-E11A3B62CBD1}.Debug|x86.ActiveCfg = Debug|Any CPU
		{591E4436-37DE-4832-9EAC-E11A3B62CBD1}.Debug|x86.Build.0 = Debug|Any CPU
		{591E4436-37DE-4832-9EAC-E11A3B62CBD1}.Release|Any CPU.ActiveCfg = Release|Any CPU
		{591E4436-37DE-4832-9EAC-E11A3B62CBD1}.Release|Any CPU.Build.0 = Release|Any CPU
		{591E4436-37DE-4832-9EAC-E11A3B62CBD1}.Release|ARM32.ActiveCfg = Release|Any CPU
		{591E4436-37DE-4832-9EAC-E11A3B62CBD1}.Release|ARM32.Build.0 = Release|Any CPU
		{591E4436-37DE-4832-9EAC-E11A3B62CBD1}.Release|x64.ActiveCfg = Release|x64
		{591E4436-37DE-4832-9EAC-E11A3B62CBD1}.Release|x64.Build.0 = Release|x64
		{591E4436-37DE-4832-9EAC-E11A3B62CBD1}.Release|x86.ActiveCfg = Release|Any CPU
		{591E4436-37DE-4832-9EAC-E11A3B62CBD1}.Release|x86.Build.0 = Release|Any CPU
		{1514541B-5E56-44B5-AA91-25306ECAD757}.Debug|Any CPU.ActiveCfg = Debug|Any CPU
		{1514541B-5E56-44B5-AA91-25306ECAD757}.Debug|Any CPU.Build.0 = Debug|Any CPU
		{1514541B-5E56-44B5-AA91-25306ECAD757}.Debug|ARM32.ActiveCfg = Debug|Any CPU
		{1514541B-5E56-44B5-AA91-25306ECAD757}.Debug|ARM32.Build.0 = Debug|Any CPU
		{1514541B-5E56-44B5-AA91-25306ECAD757}.Debug|x64.ActiveCfg = Debug|x64
		{1514541B-5E56-44B5-AA91-25306ECAD757}.Debug|x64.Build.0 = Debug|x64
		{1514541B-5E56-44B5-AA91-25306ECAD757}.Debug|x86.ActiveCfg = Debug|Any CPU
		{1514541B-5E56-44B5-AA91-25306ECAD757}.Debug|x86.Build.0 = Debug|Any CPU
		{1514541B-5E56-44B5-AA91-25306ECAD757}.Release|Any CPU.ActiveCfg = Release|Any CPU
		{1514541B-5E56-44B5-AA91-25306ECAD757}.Release|Any CPU.Build.0 = Release|Any CPU
		{1514541B-5E56-44B5-AA91-25306ECAD757}.Release|ARM32.ActiveCfg = Release|Any CPU
		{1514541B-5E56-44B5-AA91-25306ECAD757}.Release|ARM32.Build.0 = Release|Any CPU
		{1514541B-5E56-44B5-AA91-25306ECAD757}.Release|x64.ActiveCfg = Release|Any CPU
		{1514541B-5E56-44B5-AA91-25306ECAD757}.Release|x64.Build.0 = Release|Any CPU
		{1514541B-5E56-44B5-AA91-25306ECAD757}.Release|x86.ActiveCfg = Release|Any CPU
		{1514541B-5E56-44B5-AA91-25306ECAD757}.Release|x86.Build.0 = Release|Any CPU
		{0A0AEB60-3102-414E-BAFA-EC059B5736E5}.Debug|Any CPU.ActiveCfg = Debug|Any CPU
		{0A0AEB60-3102-414E-BAFA-EC059B5736E5}.Debug|Any CPU.Build.0 = Debug|Any CPU
		{0A0AEB60-3102-414E-BAFA-EC059B5736E5}.Debug|ARM32.ActiveCfg = Debug|Any CPU
		{0A0AEB60-3102-414E-BAFA-EC059B5736E5}.Debug|ARM32.Build.0 = Debug|Any CPU
		{0A0AEB60-3102-414E-BAFA-EC059B5736E5}.Debug|x64.ActiveCfg = Debug|x64
		{0A0AEB60-3102-414E-BAFA-EC059B5736E5}.Debug|x64.Build.0 = Debug|x64
		{0A0AEB60-3102-414E-BAFA-EC059B5736E5}.Debug|x86.ActiveCfg = Debug|Any CPU
		{0A0AEB60-3102-414E-BAFA-EC059B5736E5}.Debug|x86.Build.0 = Debug|Any CPU
		{0A0AEB60-3102-414E-BAFA-EC059B5736E5}.Release|Any CPU.ActiveCfg = Release|Any CPU
		{0A0AEB60-3102-414E-BAFA-EC059B5736E5}.Release|Any CPU.Build.0 = Release|Any CPU
		{0A0AEB60-3102-414E-BAFA-EC059B5736E5}.Release|ARM32.ActiveCfg = Release|Any CPU
		{0A0AEB60-3102-414E-BAFA-EC059B5736E5}.Release|ARM32.Build.0 = Release|Any CPU
		{0A0AEB60-3102-414E-BAFA-EC059B5736E5}.Release|x64.ActiveCfg = Release|x64
		{0A0AEB60-3102-414E-BAFA-EC059B5736E5}.Release|x64.Build.0 = Release|x64
		{0A0AEB60-3102-414E-BAFA-EC059B5736E5}.Release|x86.ActiveCfg = Release|Any CPU
		{0A0AEB60-3102-414E-BAFA-EC059B5736E5}.Release|x86.Build.0 = Release|Any CPU
		{A93DD2A7-C4DF-4512-9890-D1767EB2C278}.Debug|Any CPU.ActiveCfg = Debug|Any CPU
		{A93DD2A7-C4DF-4512-9890-D1767EB2C278}.Debug|Any CPU.Build.0 = Debug|Any CPU
		{A93DD2A7-C4DF-4512-9890-D1767EB2C278}.Debug|ARM32.ActiveCfg = Debug|Any CPU
		{A93DD2A7-C4DF-4512-9890-D1767EB2C278}.Debug|ARM32.Build.0 = Debug|Any CPU
		{A93DD2A7-C4DF-4512-9890-D1767EB2C278}.Debug|x64.ActiveCfg = Debug|x64
		{A93DD2A7-C4DF-4512-9890-D1767EB2C278}.Debug|x64.Build.0 = Debug|x64
		{A93DD2A7-C4DF-4512-9890-D1767EB2C278}.Debug|x86.ActiveCfg = Debug|Any CPU
		{A93DD2A7-C4DF-4512-9890-D1767EB2C278}.Debug|x86.Build.0 = Debug|Any CPU
		{A93DD2A7-C4DF-4512-9890-D1767EB2C278}.Release|Any CPU.ActiveCfg = Release|Any CPU
		{A93DD2A7-C4DF-4512-9890-D1767EB2C278}.Release|Any CPU.Build.0 = Release|Any CPU
		{A93DD2A7-C4DF-4512-9890-D1767EB2C278}.Release|ARM32.ActiveCfg = Release|Any CPU
		{A93DD2A7-C4DF-4512-9890-D1767EB2C278}.Release|ARM32.Build.0 = Release|Any CPU
		{A93DD2A7-C4DF-4512-9890-D1767EB2C278}.Release|x64.ActiveCfg = Release|x64
		{A93DD2A7-C4DF-4512-9890-D1767EB2C278}.Release|x64.Build.0 = Release|x64
		{A93DD2A7-C4DF-4512-9890-D1767EB2C278}.Release|x86.ActiveCfg = Release|Any CPU
		{A93DD2A7-C4DF-4512-9890-D1767EB2C278}.Release|x86.Build.0 = Release|Any CPU
		{F840DE1F-697E-4E2C-B189-2F758B75BA02}.Debug|Any CPU.ActiveCfg = Debug|Any CPU
		{F840DE1F-697E-4E2C-B189-2F758B75BA02}.Debug|Any CPU.Build.0 = Debug|Any CPU
		{F840DE1F-697E-4E2C-B189-2F758B75BA02}.Debug|ARM32.ActiveCfg = Debug|ARM32
		{F840DE1F-697E-4E2C-B189-2F758B75BA02}.Debug|ARM32.Build.0 = Debug|ARM32
		{F840DE1F-697E-4E2C-B189-2F758B75BA02}.Debug|x64.ActiveCfg = Debug|x64
		{F840DE1F-697E-4E2C-B189-2F758B75BA02}.Debug|x64.Build.0 = Debug|x64
		{F840DE1F-697E-4E2C-B189-2F758B75BA02}.Debug|x86.ActiveCfg = Debug|Any CPU
		{F840DE1F-697E-4E2C-B189-2F758B75BA02}.Debug|x86.Build.0 = Debug|Any CPU
		{F840DE1F-697E-4E2C-B189-2F758B75BA02}.Release|Any CPU.ActiveCfg = Release|Any CPU
		{F840DE1F-697E-4E2C-B189-2F758B75BA02}.Release|Any CPU.Build.0 = Release|Any CPU
		{F840DE1F-697E-4E2C-B189-2F758B75BA02}.Release|ARM32.ActiveCfg = Release|ARM32
		{F840DE1F-697E-4E2C-B189-2F758B75BA02}.Release|ARM32.Build.0 = Release|ARM32
		{F840DE1F-697E-4E2C-B189-2F758B75BA02}.Release|x64.ActiveCfg = Release|x64
		{F840DE1F-697E-4E2C-B189-2F758B75BA02}.Release|x64.Build.0 = Release|x64
		{F840DE1F-697E-4E2C-B189-2F758B75BA02}.Release|x86.ActiveCfg = Release|Any CPU
		{F840DE1F-697E-4E2C-B189-2F758B75BA02}.Release|x86.Build.0 = Release|Any CPU
		{5334ED9F-92A4-45AD-85A6-C47DE7D17683}.Debug|Any CPU.ActiveCfg = Debug|Any CPU
		{5334ED9F-92A4-45AD-85A6-C47DE7D17683}.Debug|Any CPU.Build.0 = Debug|Any CPU
		{5334ED9F-92A4-45AD-85A6-C47DE7D17683}.Debug|ARM32.ActiveCfg = Debug|Any CPU
		{5334ED9F-92A4-45AD-85A6-C47DE7D17683}.Debug|ARM32.Build.0 = Debug|Any CPU
		{5334ED9F-92A4-45AD-85A6-C47DE7D17683}.Debug|x64.ActiveCfg = Debug|x64
		{5334ED9F-92A4-45AD-85A6-C47DE7D17683}.Debug|x64.Build.0 = Debug|x64
		{5334ED9F-92A4-45AD-85A6-C47DE7D17683}.Debug|x86.ActiveCfg = Debug|Any CPU
		{5334ED9F-92A4-45AD-85A6-C47DE7D17683}.Debug|x86.Build.0 = Debug|Any CPU
		{5334ED9F-92A4-45AD-85A6-C47DE7D17683}.Release|Any CPU.ActiveCfg = Release|Any CPU
		{5334ED9F-92A4-45AD-85A6-C47DE7D17683}.Release|Any CPU.Build.0 = Release|Any CPU
		{5334ED9F-92A4-45AD-85A6-C47DE7D17683}.Release|ARM32.ActiveCfg = Release|Any CPU
		{5334ED9F-92A4-45AD-85A6-C47DE7D17683}.Release|ARM32.Build.0 = Release|Any CPU
		{5334ED9F-92A4-45AD-85A6-C47DE7D17683}.Release|x64.ActiveCfg = Release|x64
		{5334ED9F-92A4-45AD-85A6-C47DE7D17683}.Release|x64.Build.0 = Release|x64
		{5334ED9F-92A4-45AD-85A6-C47DE7D17683}.Release|x86.ActiveCfg = Release|Any CPU
		{5334ED9F-92A4-45AD-85A6-C47DE7D17683}.Release|x86.Build.0 = Release|Any CPU
		{2D6603B4-F7F0-F2F8-A5FF-F0730475ABF4}.Debug|Any CPU.ActiveCfg = Debug|Any CPU
		{2D6603B4-F7F0-F2F8-A5FF-F0730475ABF4}.Debug|Any CPU.Build.0 = Debug|Any CPU
		{2D6603B4-F7F0-F2F8-A5FF-F0730475ABF4}.Debug|ARM32.ActiveCfg = Debug|Any CPU
		{2D6603B4-F7F0-F2F8-A5FF-F0730475ABF4}.Debug|ARM32.Build.0 = Debug|Any CPU
		{2D6603B4-F7F0-F2F8-A5FF-F0730475ABF4}.Debug|x64.ActiveCfg = Debug|x64
		{2D6603B4-F7F0-F2F8-A5FF-F0730475ABF4}.Debug|x64.Build.0 = Debug|x64
		{2D6603B4-F7F0-F2F8-A5FF-F0730475ABF4}.Debug|x86.ActiveCfg = Debug|x86
		{2D6603B4-F7F0-F2F8-A5FF-F0730475ABF4}.Debug|x86.Build.0 = Debug|x86
		{2D6603B4-F7F0-F2F8-A5FF-F0730475ABF4}.Release|Any CPU.ActiveCfg = Release|Any CPU
		{2D6603B4-F7F0-F2F8-A5FF-F0730475ABF4}.Release|Any CPU.Build.0 = Release|Any CPU
		{2D6603B4-F7F0-F2F8-A5FF-F0730475ABF4}.Release|ARM32.ActiveCfg = Release|Any CPU
		{2D6603B4-F7F0-F2F8-A5FF-F0730475ABF4}.Release|ARM32.Build.0 = Release|Any CPU
		{2D6603B4-F7F0-F2F8-A5FF-F0730475ABF4}.Release|x64.ActiveCfg = Release|x64
		{2D6603B4-F7F0-F2F8-A5FF-F0730475ABF4}.Release|x64.Build.0 = Release|x64
		{2D6603B4-F7F0-F2F8-A5FF-F0730475ABF4}.Release|x86.ActiveCfg = Release|x86
		{2D6603B4-F7F0-F2F8-A5FF-F0730475ABF4}.Release|x86.Build.0 = Release|x86
		{CBF40EA6-0842-4AAA-9242-75D98491272D}.Debug|Any CPU.ActiveCfg = Debug|Any CPU
		{CBF40EA6-0842-4AAA-9242-75D98491272D}.Debug|Any CPU.Build.0 = Debug|Any CPU
		{CBF40EA6-0842-4AAA-9242-75D98491272D}.Debug|ARM32.ActiveCfg = Debug|Any CPU
		{CBF40EA6-0842-4AAA-9242-75D98491272D}.Debug|ARM32.Build.0 = Debug|Any CPU
		{CBF40EA6-0842-4AAA-9242-75D98491272D}.Debug|x64.ActiveCfg = Debug|Any CPU
		{CBF40EA6-0842-4AAA-9242-75D98491272D}.Debug|x64.Build.0 = Debug|Any CPU
		{CBF40EA6-0842-4AAA-9242-75D98491272D}.Debug|x86.ActiveCfg = Debug|Any CPU
		{CBF40EA6-0842-4AAA-9242-75D98491272D}.Debug|x86.Build.0 = Debug|Any CPU
		{CBF40EA6-0842-4AAA-9242-75D98491272D}.Release|Any CPU.ActiveCfg = Release|Any CPU
		{CBF40EA6-0842-4AAA-9242-75D98491272D}.Release|Any CPU.Build.0 = Release|Any CPU
		{CBF40EA6-0842-4AAA-9242-75D98491272D}.Release|ARM32.ActiveCfg = Release|Any CPU
		{CBF40EA6-0842-4AAA-9242-75D98491272D}.Release|ARM32.Build.0 = Release|Any CPU
		{CBF40EA6-0842-4AAA-9242-75D98491272D}.Release|x64.ActiveCfg = Release|Any CPU
		{CBF40EA6-0842-4AAA-9242-75D98491272D}.Release|x64.Build.0 = Release|Any CPU
		{CBF40EA6-0842-4AAA-9242-75D98491272D}.Release|x86.ActiveCfg = Release|Any CPU
		{CBF40EA6-0842-4AAA-9242-75D98491272D}.Release|x86.Build.0 = Release|Any CPU
		{0894269E-39CB-D31E-A03E-DD9A9959EDE3}.Debug|Any CPU.ActiveCfg = Debug|Any CPU
		{0894269E-39CB-D31E-A03E-DD9A9959EDE3}.Debug|Any CPU.Build.0 = Debug|Any CPU
		{0894269E-39CB-D31E-A03E-DD9A9959EDE3}.Debug|ARM32.ActiveCfg = Debug|Any CPU
		{0894269E-39CB-D31E-A03E-DD9A9959EDE3}.Debug|ARM32.Build.0 = Debug|Any CPU
		{0894269E-39CB-D31E-A03E-DD9A9959EDE3}.Debug|x64.ActiveCfg = Debug|Any CPU
		{0894269E-39CB-D31E-A03E-DD9A9959EDE3}.Debug|x64.Build.0 = Debug|Any CPU
		{0894269E-39CB-D31E-A03E-DD9A9959EDE3}.Debug|x86.ActiveCfg = Debug|Any CPU
		{0894269E-39CB-D31E-A03E-DD9A9959EDE3}.Debug|x86.Build.0 = Debug|Any CPU
		{0894269E-39CB-D31E-A03E-DD9A9959EDE3}.Release|Any CPU.ActiveCfg = Release|Any CPU
		{0894269E-39CB-D31E-A03E-DD9A9959EDE3}.Release|Any CPU.Build.0 = Release|Any CPU
		{0894269E-39CB-D31E-A03E-DD9A9959EDE3}.Release|ARM32.ActiveCfg = Release|Any CPU
		{0894269E-39CB-D31E-A03E-DD9A9959EDE3}.Release|ARM32.Build.0 = Release|Any CPU
		{0894269E-39CB-D31E-A03E-DD9A9959EDE3}.Release|x64.ActiveCfg = Release|Any CPU
		{0894269E-39CB-D31E-A03E-DD9A9959EDE3}.Release|x64.Build.0 = Release|Any CPU
		{0894269E-39CB-D31E-A03E-DD9A9959EDE3}.Release|x86.ActiveCfg = Release|Any CPU
		{0894269E-39CB-D31E-A03E-DD9A9959EDE3}.Release|x86.Build.0 = Release|Any CPU
		{2C62C64C-8374-4132-A5CB-99958BE02880}.Debug|Any CPU.ActiveCfg = Debug|Any CPU
		{2C62C64C-8374-4132-A5CB-99958BE02880}.Debug|Any CPU.Build.0 = Debug|Any CPU
		{2C62C64C-8374-4132-A5CB-99958BE02880}.Debug|ARM32.ActiveCfg = Debug|Any CPU
		{2C62C64C-8374-4132-A5CB-99958BE02880}.Debug|ARM32.Build.0 = Debug|Any CPU
		{2C62C64C-8374-4132-A5CB-99958BE02880}.Debug|x64.ActiveCfg = Debug|Any CPU
		{2C62C64C-8374-4132-A5CB-99958BE02880}.Debug|x64.Build.0 = Debug|Any CPU
		{2C62C64C-8374-4132-A5CB-99958BE02880}.Debug|x86.ActiveCfg = Debug|Any CPU
		{2C62C64C-8374-4132-A5CB-99958BE02880}.Debug|x86.Build.0 = Debug|Any CPU
		{2C62C64C-8374-4132-A5CB-99958BE02880}.Release|Any CPU.ActiveCfg = Release|Any CPU
		{2C62C64C-8374-4132-A5CB-99958BE02880}.Release|Any CPU.Build.0 = Release|Any CPU
		{2C62C64C-8374-4132-A5CB-99958BE02880}.Release|ARM32.ActiveCfg = Release|Any CPU
		{2C62C64C-8374-4132-A5CB-99958BE02880}.Release|ARM32.Build.0 = Release|Any CPU
		{2C62C64C-8374-4132-A5CB-99958BE02880}.Release|x64.ActiveCfg = Release|Any CPU
		{2C62C64C-8374-4132-A5CB-99958BE02880}.Release|x64.Build.0 = Release|Any CPU
		{2C62C64C-8374-4132-A5CB-99958BE02880}.Release|x86.ActiveCfg = Release|Any CPU
		{2C62C64C-8374-4132-A5CB-99958BE02880}.Release|x86.Build.0 = Release|Any CPU
		{F6444193-BA6C-48C6-9EA8-63A278EAA85C}.Debug|Any CPU.ActiveCfg = Debug|Any CPU
		{F6444193-BA6C-48C6-9EA8-63A278EAA85C}.Debug|Any CPU.Build.0 = Debug|Any CPU
		{F6444193-BA6C-48C6-9EA8-63A278EAA85C}.Debug|ARM32.ActiveCfg = Debug|Any CPU
		{F6444193-BA6C-48C6-9EA8-63A278EAA85C}.Debug|ARM32.Build.0 = Debug|Any CPU
		{F6444193-BA6C-48C6-9EA8-63A278EAA85C}.Debug|x64.ActiveCfg = Debug|Any CPU
		{F6444193-BA6C-48C6-9EA8-63A278EAA85C}.Debug|x64.Build.0 = Debug|Any CPU
		{F6444193-BA6C-48C6-9EA8-63A278EAA85C}.Debug|x86.ActiveCfg = Debug|Any CPU
		{F6444193-BA6C-48C6-9EA8-63A278EAA85C}.Debug|x86.Build.0 = Debug|Any CPU
		{F6444193-BA6C-48C6-9EA8-63A278EAA85C}.Release|Any CPU.ActiveCfg = Release|Any CPU
		{F6444193-BA6C-48C6-9EA8-63A278EAA85C}.Release|Any CPU.Build.0 = Release|Any CPU
		{F6444193-BA6C-48C6-9EA8-63A278EAA85C}.Release|ARM32.ActiveCfg = Release|Any CPU
		{F6444193-BA6C-48C6-9EA8-63A278EAA85C}.Release|ARM32.Build.0 = Release|Any CPU
		{F6444193-BA6C-48C6-9EA8-63A278EAA85C}.Release|x64.ActiveCfg = Release|Any CPU
		{F6444193-BA6C-48C6-9EA8-63A278EAA85C}.Release|x64.Build.0 = Release|Any CPU
		{F6444193-BA6C-48C6-9EA8-63A278EAA85C}.Release|x86.ActiveCfg = Release|Any CPU
		{F6444193-BA6C-48C6-9EA8-63A278EAA85C}.Release|x86.Build.0 = Release|Any CPU
	EndGlobalSection
	GlobalSection(SolutionProperties) = preSolution
		HideSolutionNode = FALSE
	EndGlobalSection
	GlobalSection(ExtensibilityGlobals) = postSolution
		SolutionGuid = {C1E7F015-B15B-4915-A9B5-36D5DE28D6A9}
	EndGlobalSection
EndGlobal
