
Microsoft Visual Studio Solution File, Format Version 12.00
# Visual Studio Version 17
VisualStudioVersion = 17.3.32922.545
MinimumVisualStudioVersion = 10.0.40219.1
Project("{9A19103F-16F7-4668-BE54-9A1E7A4F7556}") = "StandardLib", "..\..\..\AAV.Shared\Src\NetLts\StandardLib\StandardLib.csproj", "{BF5E7CC6-29BA-499A-BD0C-4D92321C3AAA}"
EndProject
Project("{9A19103F-16F7-4668-BE54-9A1E7A4F7556}") = "AmbienceLib", "..\..\..\AAV.Shared\Src\NetLts\Ambience\AmbienceLib.csproj", "{DC19E9E4-B174-4AB6-AB74-6205B5488DF2}"
EndProject
Project("{9A19103F-16F7-4668-BE54-9A1E7A4F7556}") = "WpfUserControlLib", "..\..\..\AAV.Shared\Src\NetLts\WpfUserControlLib\WpfUserControlLib.csproj", "{7CAB6C39-2D93-4BC5-A793-C68C5A29BE02}"
EndProject
Project("{9A19103F-16F7-4668-BE54-9A1E7A4F7556}") = "MinNavTpl.Contract", "MinNavTpl.Contract\MinNavTpl.Contract.csproj", "{453E1D66-2AF0-4062-B0C0-2D1FFD6D3722}"
EndProject
Project("{9A19103F-16F7-4668-BE54-9A1E7A4F7556}") = "MinNavTpl.View", "MinNavTpl.View\MinNavTpl.View.csproj", "{D1A4B565-144B-489F-9375-95B99BFD36B7}"
EndProject
Project("{9A19103F-16F7-4668-BE54-9A1E7A4F7556}") = "MinNavTpl", "MinNavTpl\MinNavTpl.csproj", "{DA31732B-3672-472E-AA08-35294FA9C2F3}"
EndProject
Project("{2150E333-8FDC-42A3-9474-1A3956D46DE8}") = "Shared", "Shared", "{A1E7E944-EBE5-4304-8EF7-0FCFBF03D555}"
EndProject
Project("{2150E333-8FDC-42A3-9474-1A3956D46DE8}") = "MNT", "MNT", "{E5A68C32-30EC-47D1-A33E-D1D3DE95FCFF}"
EndProject
Project("{2150E333-8FDC-42A3-9474-1A3956D46DE8}") = "Temp", "Temp", "{CFD85561-36FE-4F5F-8FD7-169D60ECDF51}"
EndProject
Project("{9A19103F-16F7-4668-BE54-9A1E7A4F7556}") = "DB.BR", "..\..\..\CI-DPL-IMP\Src\SharedLib\DB.BR\DB.BR.csproj", "{E5D38355-44EA-49B0-922A-E2253C0ADEA9}"
EndProject
Project("{9A19103F-16F7-4668-BE54-9A1E7A4F7556}") = "CI.LDAP.Lib", "..\..\..\CI-DPL-IMP\Src\SharedLib\CI.LDAP.Lib\CI.LDAP.Lib.csproj", "{A40894F0-FF73-4B12-86E5-A7BC48CCE37B}"
EndProject
Project("{9A19103F-16F7-4668-BE54-9A1E7A4F7556}") = "EfDbHelperLib", "..\..\..\AAV.Shared\Src\NetLts\EfDbHelperLib\EfDbHelperLib.csproj", "{B37BF666-5581-46DA-A294-80D7D27F103F}"
EndProject
Project("{9A19103F-16F7-4668-BE54-9A1E7A4F7556}") = "StandardContractsLib", "..\..\..\AAV.Shared\Src\NetLts\StandardContractsLib\StandardContractsLib.csproj", "{C847B5A9-E732-4154-9020-73CCA436188E}"
EndProject
Project("{9A19103F-16F7-4668-BE54-9A1E7A4F7556}") = "NavigationDrawerControl", "..\..\..\AAV.Shared\Src\NetLts\NavigationDrawerControl\NavigationDrawerControl.csproj", "{CFCABE52-E796-4D2E-971D-EB30BC2D48E6}"
EndProject
Project("{9A19103F-16F7-4668-BE54-9A1E7A4F7556}") = "MinNavTpl.View.Spec", "MinNavTpl.View.Spec\MinNavTpl.View.Spec.csproj", "{AED54F27-AE33-48AB-9937-E95F143D70A4}"
EndProject
Project("{9A19103F-16F7-4668-BE54-9A1E7A4F7556}") = "DB.QStats.Std", "..\..\..\GigaHunt\Src\sln\DB.QStats.Std\DB.QStats.Std.csproj", "{7D7E2CD8-E821-48BE-A8DA-F294578B3E91}"
EndProject
Project("{9A19103F-16F7-4668-BE54-9A1E7A4F7556}") = "Emailing.NET6", "..\..\..\GigaHunt\Src\sln\Emailing.NET6\Emailing.NET6.csproj", "{19A95C14-8934-48D7-A6FA-88A26F7B0003}"
EndProject
Project("{9A19103F-16F7-4668-BE54-9A1E7A4F7556}") = "WpfApp1", "WpfApp1\WpfApp1.csproj", "{C4533C62-381A-4654-9498-0448C9D75BCD}"
EndProject
Project("{9A19103F-16F7-4668-BE54-9A1E7A4F7556}") = "WpfControlLibrary1", "WpfControlLibrary1\WpfControlLibrary1.csproj", "{D0383A66-3EFB-4B77-8B07-4F7FEF9DB884}"
EndProject
Project("{9A19103F-16F7-4668-BE54-9A1E7A4F7556}") = "ClassLibrary1", "ClassLibrary1\ClassLibrary1.csproj", "{09B0CEC5-B2BF-48BF-A87E-248EB08936EC}"
EndProject
Project("{2150E333-8FDC-42A3-9474-1A3956D46DE8}") = "7", "7", "{4A483087-139D-41F1-ADDD-2FC93B673CFA}"
EndProject
Project("{9A19103F-16F7-4668-BE54-9A1E7A4F7556}") = "GenderApiLib", "..\..\..\Util\Src\GenderApiLib\GenderApiLib.csproj", "{36376C2E-3C3A-4D5A-8444-81752B305A79}"
EndProject
Project("{9A19103F-16F7-4668-BE54-9A1E7A4F7556}") = "ConsoleApp1", "ConsoleApp1\ConsoleApp1.csproj", "{38323A61-5D42-499E-A993-564B08C7247B}"
EndProject
Project("{9A19103F-16F7-4668-BE54-9A1E7A4F7556}") = "QStatsTS4WinUI.Core", "QStatsTS4WinUI.Core\QStatsTS4WinUI.Core.csproj", "{946E5E6B-69D5-4A51-A08B-8AC44885034F}"
EndProject
Project("{2150E333-8FDC-42A3-9474-1A3956D46DE8}") = "QStatsTS4WUI", "QStatsTS4WUI", "{2A3C15EE-39C2-494E-BEFD-8BA6C0EDB3AE}"
EndProject
Project("{9A19103F-16F7-4668-BE54-9A1E7A4F7556}") = "QStatsTS4WinUI.Views", "QStatsTS4WinUI.Views\QStatsTS4WinUI.Views.csproj", "{DFA3880E-A077-4AD4-8D1D-237CD1E5158B}"
EndProject
Project("{9A19103F-16F7-4668-BE54-9A1E7A4F7556}") = "QStatsTS4WinUI.ViewModels", "QStatsTS4WinUI.ViewModels\QStatsTS4WinUI.ViewModels.csproj", "{2A3B9755-B2EE-4B10-B7DE-14052F9CD8EF}"
EndProject
Project("{9A19103F-16F7-4668-BE54-9A1E7A4F7556}") = "QStatsTS4WinUI.Contracts", "QStatsTS4WinUI.Contracts\QStatsTS4WinUI.Contracts.csproj", "{932BF043-355B-4784-A69E-AE65C2215A72}"
EndProject
Project("{9A19103F-16F7-4668-BE54-9A1E7A4F7556}") = "QStatsTS4WinUI.Behaviors", "QStatsTS4WinUI.Behaviors\QStatsTS4WinUI.Behaviors.csproj", "{8CBF1820-1F47-496B-8D0A-BA1B2E392D8F}"
EndProject
Project("{9A19103F-16F7-4668-BE54-9A1E7A4F7556}") = "Db.MinFinInv.PowerTools", "..\..\..\AAV.Shared\Src\Db\Db.MinFinInv.PowerTools\Db.MinFinInv.PowerTools.csproj", "{9CEBA8E7-9633-4075-A617-BAFB3423C154}"
EndProject
Project("{9A19103F-16F7-4668-BE54-9A1E7A4F7556}") = "QStatsTS4WinUI", "QStatsTS4WinUI\QStatsTS4WinUI.csproj", "{A6672464-8C65-44B0-9759-B2CBE443B4D4}"
EndProject
Project("{9A19103F-16F7-4668-BE54-9A1E7A4F7556}") = "PhoneAreaCoder", "..\..\..\AAV.Shared\Src\NetLts\PhoneAreaCoder\PhoneAreaCoder.csproj", "{03F076E7-0FF4-4AD3-B8EC-C05B802BA07A}"
EndProject
Project("{FAE04EC0-301F-11D3-BF4B-00C04F79EFBC}") = "MinNavTpl_VM", "MinNavTpl_VM\MinNavTpl_VM.csproj", "{2A799A2D-F18B-44C7-853F-BB43C91C8A13}"
EndProject
Global
	GlobalSection(SolutionConfigurationPlatforms) = preSolution
		Debug|Any CPU = Debug|Any CPU
		Debug|ARM32 = Debug|ARM32
		Debug|arm64 = Debug|arm64
		Debug|x64 = Debug|x64
		Debug|x86 = Debug|x86
		Release|Any CPU = Release|Any CPU
		Release|ARM32 = Release|ARM32
		Release|arm64 = Release|arm64
		Release|x64 = Release|x64
		Release|x86 = Release|x86
	EndGlobalSection
	GlobalSection(ProjectConfigurationPlatforms) = postSolution
		{BF5E7CC6-29BA-499A-BD0C-4D92321C3AAA}.Debug|Any CPU.ActiveCfg = Debug|Any CPU
		{BF5E7CC6-29BA-499A-BD0C-4D92321C3AAA}.Debug|Any CPU.Build.0 = Debug|Any CPU
		{BF5E7CC6-29BA-499A-BD0C-4D92321C3AAA}.Debug|ARM32.ActiveCfg = Debug|Any CPU
		{BF5E7CC6-29BA-499A-BD0C-4D92321C3AAA}.Debug|ARM32.Build.0 = Debug|Any CPU
		{BF5E7CC6-29BA-499A-BD0C-4D92321C3AAA}.Debug|arm64.ActiveCfg = Debug|Any CPU
		{BF5E7CC6-29BA-499A-BD0C-4D92321C3AAA}.Debug|arm64.Build.0 = Debug|Any CPU
		{BF5E7CC6-29BA-499A-BD0C-4D92321C3AAA}.Debug|x64.ActiveCfg = Debug|x64
		{BF5E7CC6-29BA-499A-BD0C-4D92321C3AAA}.Debug|x64.Build.0 = Debug|x64
		{BF5E7CC6-29BA-499A-BD0C-4D92321C3AAA}.Debug|x86.ActiveCfg = Debug|Any CPU
		{BF5E7CC6-29BA-499A-BD0C-4D92321C3AAA}.Debug|x86.Build.0 = Debug|Any CPU
		{BF5E7CC6-29BA-499A-BD0C-4D92321C3AAA}.Release|Any CPU.ActiveCfg = Release|Any CPU
		{BF5E7CC6-29BA-499A-BD0C-4D92321C3AAA}.Release|Any CPU.Build.0 = Release|Any CPU
		{BF5E7CC6-29BA-499A-BD0C-4D92321C3AAA}.Release|ARM32.ActiveCfg = Release|Any CPU
		{BF5E7CC6-29BA-499A-BD0C-4D92321C3AAA}.Release|ARM32.Build.0 = Release|Any CPU
		{BF5E7CC6-29BA-499A-BD0C-4D92321C3AAA}.Release|arm64.ActiveCfg = Release|Any CPU
		{BF5E7CC6-29BA-499A-BD0C-4D92321C3AAA}.Release|arm64.Build.0 = Release|Any CPU
		{BF5E7CC6-29BA-499A-BD0C-4D92321C3AAA}.Release|x64.ActiveCfg = Release|x64
		{BF5E7CC6-29BA-499A-BD0C-4D92321C3AAA}.Release|x64.Build.0 = Release|x64
		{BF5E7CC6-29BA-499A-BD0C-4D92321C3AAA}.Release|x86.ActiveCfg = Release|Any CPU
		{BF5E7CC6-29BA-499A-BD0C-4D92321C3AAA}.Release|x86.Build.0 = Release|Any CPU
		{DC19E9E4-B174-4AB6-AB74-6205B5488DF2}.Debug|Any CPU.ActiveCfg = Debug|Any CPU
		{DC19E9E4-B174-4AB6-AB74-6205B5488DF2}.Debug|Any CPU.Build.0 = Debug|Any CPU
		{DC19E9E4-B174-4AB6-AB74-6205B5488DF2}.Debug|ARM32.ActiveCfg = Debug|Any CPU
		{DC19E9E4-B174-4AB6-AB74-6205B5488DF2}.Debug|ARM32.Build.0 = Debug|Any CPU
		{DC19E9E4-B174-4AB6-AB74-6205B5488DF2}.Debug|arm64.ActiveCfg = Debug|Any CPU
		{DC19E9E4-B174-4AB6-AB74-6205B5488DF2}.Debug|arm64.Build.0 = Debug|Any CPU
		{DC19E9E4-B174-4AB6-AB74-6205B5488DF2}.Debug|x64.ActiveCfg = Debug|x64
		{DC19E9E4-B174-4AB6-AB74-6205B5488DF2}.Debug|x64.Build.0 = Debug|x64
		{DC19E9E4-B174-4AB6-AB74-6205B5488DF2}.Debug|x86.ActiveCfg = Debug|Any CPU
		{DC19E9E4-B174-4AB6-AB74-6205B5488DF2}.Debug|x86.Build.0 = Debug|Any CPU
		{DC19E9E4-B174-4AB6-AB74-6205B5488DF2}.Release|Any CPU.ActiveCfg = Release|Any CPU
		{DC19E9E4-B174-4AB6-AB74-6205B5488DF2}.Release|Any CPU.Build.0 = Release|Any CPU
		{DC19E9E4-B174-4AB6-AB74-6205B5488DF2}.Release|ARM32.ActiveCfg = Release|Any CPU
		{DC19E9E4-B174-4AB6-AB74-6205B5488DF2}.Release|ARM32.Build.0 = Release|Any CPU
		{DC19E9E4-B174-4AB6-AB74-6205B5488DF2}.Release|arm64.ActiveCfg = Release|Any CPU
		{DC19E9E4-B174-4AB6-AB74-6205B5488DF2}.Release|arm64.Build.0 = Release|Any CPU
		{DC19E9E4-B174-4AB6-AB74-6205B5488DF2}.Release|x64.ActiveCfg = Release|x64
		{DC19E9E4-B174-4AB6-AB74-6205B5488DF2}.Release|x64.Build.0 = Release|x64
		{DC19E9E4-B174-4AB6-AB74-6205B5488DF2}.Release|x86.ActiveCfg = Release|Any CPU
		{DC19E9E4-B174-4AB6-AB74-6205B5488DF2}.Release|x86.Build.0 = Release|Any CPU
		{7CAB6C39-2D93-4BC5-A793-C68C5A29BE02}.Debug|Any CPU.ActiveCfg = Debug|Any CPU
		{7CAB6C39-2D93-4BC5-A793-C68C5A29BE02}.Debug|Any CPU.Build.0 = Debug|Any CPU
		{7CAB6C39-2D93-4BC5-A793-C68C5A29BE02}.Debug|ARM32.ActiveCfg = Debug|Any CPU
		{7CAB6C39-2D93-4BC5-A793-C68C5A29BE02}.Debug|ARM32.Build.0 = Debug|Any CPU
		{7CAB6C39-2D93-4BC5-A793-C68C5A29BE02}.Debug|arm64.ActiveCfg = Debug|Any CPU
		{7CAB6C39-2D93-4BC5-A793-C68C5A29BE02}.Debug|arm64.Build.0 = Debug|Any CPU
		{7CAB6C39-2D93-4BC5-A793-C68C5A29BE02}.Debug|x64.ActiveCfg = Debug|x64
		{7CAB6C39-2D93-4BC5-A793-C68C5A29BE02}.Debug|x64.Build.0 = Debug|x64
		{7CAB6C39-2D93-4BC5-A793-C68C5A29BE02}.Debug|x86.ActiveCfg = Debug|Any CPU
		{7CAB6C39-2D93-4BC5-A793-C68C5A29BE02}.Debug|x86.Build.0 = Debug|Any CPU
		{7CAB6C39-2D93-4BC5-A793-C68C5A29BE02}.Release|Any CPU.ActiveCfg = Release|Any CPU
		{7CAB6C39-2D93-4BC5-A793-C68C5A29BE02}.Release|Any CPU.Build.0 = Release|Any CPU
		{7CAB6C39-2D93-4BC5-A793-C68C5A29BE02}.Release|ARM32.ActiveCfg = Release|Any CPU
		{7CAB6C39-2D93-4BC5-A793-C68C5A29BE02}.Release|ARM32.Build.0 = Release|Any CPU
		{7CAB6C39-2D93-4BC5-A793-C68C5A29BE02}.Release|arm64.ActiveCfg = Release|Any CPU
		{7CAB6C39-2D93-4BC5-A793-C68C5A29BE02}.Release|arm64.Build.0 = Release|Any CPU
		{7CAB6C39-2D93-4BC5-A793-C68C5A29BE02}.Release|x64.ActiveCfg = Release|x64
		{7CAB6C39-2D93-4BC5-A793-C68C5A29BE02}.Release|x64.Build.0 = Release|x64
		{7CAB6C39-2D93-4BC5-A793-C68C5A29BE02}.Release|x86.ActiveCfg = Release|Any CPU
		{7CAB6C39-2D93-4BC5-A793-C68C5A29BE02}.Release|x86.Build.0 = Release|Any CPU
		{453E1D66-2AF0-4062-B0C0-2D1FFD6D3722}.Debug|Any CPU.ActiveCfg = Debug|Any CPU
		{453E1D66-2AF0-4062-B0C0-2D1FFD6D3722}.Debug|Any CPU.Build.0 = Debug|Any CPU
		{453E1D66-2AF0-4062-B0C0-2D1FFD6D3722}.Debug|ARM32.ActiveCfg = Debug|Any CPU
		{453E1D66-2AF0-4062-B0C0-2D1FFD6D3722}.Debug|ARM32.Build.0 = Debug|Any CPU
		{453E1D66-2AF0-4062-B0C0-2D1FFD6D3722}.Debug|arm64.ActiveCfg = Debug|Any CPU
		{453E1D66-2AF0-4062-B0C0-2D1FFD6D3722}.Debug|arm64.Build.0 = Debug|Any CPU
		{453E1D66-2AF0-4062-B0C0-2D1FFD6D3722}.Debug|x64.ActiveCfg = Debug|x64
		{453E1D66-2AF0-4062-B0C0-2D1FFD6D3722}.Debug|x64.Build.0 = Debug|x64
		{453E1D66-2AF0-4062-B0C0-2D1FFD6D3722}.Debug|x86.ActiveCfg = Debug|Any CPU
		{453E1D66-2AF0-4062-B0C0-2D1FFD6D3722}.Debug|x86.Build.0 = Debug|Any CPU
		{453E1D66-2AF0-4062-B0C0-2D1FFD6D3722}.Release|Any CPU.ActiveCfg = Release|Any CPU
		{453E1D66-2AF0-4062-B0C0-2D1FFD6D3722}.Release|Any CPU.Build.0 = Release|Any CPU
		{453E1D66-2AF0-4062-B0C0-2D1FFD6D3722}.Release|ARM32.ActiveCfg = Release|Any CPU
		{453E1D66-2AF0-4062-B0C0-2D1FFD6D3722}.Release|ARM32.Build.0 = Release|Any CPU
		{453E1D66-2AF0-4062-B0C0-2D1FFD6D3722}.Release|arm64.ActiveCfg = Release|Any CPU
		{453E1D66-2AF0-4062-B0C0-2D1FFD6D3722}.Release|arm64.Build.0 = Release|Any CPU
		{453E1D66-2AF0-4062-B0C0-2D1FFD6D3722}.Release|x64.ActiveCfg = Release|x64
		{453E1D66-2AF0-4062-B0C0-2D1FFD6D3722}.Release|x64.Build.0 = Release|x64
		{453E1D66-2AF0-4062-B0C0-2D1FFD6D3722}.Release|x86.ActiveCfg = Release|Any CPU
		{453E1D66-2AF0-4062-B0C0-2D1FFD6D3722}.Release|x86.Build.0 = Release|Any CPU
		{D1A4B565-144B-489F-9375-95B99BFD36B7}.Debug|Any CPU.ActiveCfg = Debug|Any CPU
		{D1A4B565-144B-489F-9375-95B99BFD36B7}.Debug|Any CPU.Build.0 = Debug|Any CPU
		{D1A4B565-144B-489F-9375-95B99BFD36B7}.Debug|ARM32.ActiveCfg = Debug|Any CPU
		{D1A4B565-144B-489F-9375-95B99BFD36B7}.Debug|ARM32.Build.0 = Debug|Any CPU
		{D1A4B565-144B-489F-9375-95B99BFD36B7}.Debug|arm64.ActiveCfg = Debug|Any CPU
		{D1A4B565-144B-489F-9375-95B99BFD36B7}.Debug|arm64.Build.0 = Debug|Any CPU
		{D1A4B565-144B-489F-9375-95B99BFD36B7}.Debug|x64.ActiveCfg = Debug|x64
		{D1A4B565-144B-489F-9375-95B99BFD36B7}.Debug|x64.Build.0 = Debug|x64
		{D1A4B565-144B-489F-9375-95B99BFD36B7}.Debug|x86.ActiveCfg = Debug|Any CPU
		{D1A4B565-144B-489F-9375-95B99BFD36B7}.Debug|x86.Build.0 = Debug|Any CPU
		{D1A4B565-144B-489F-9375-95B99BFD36B7}.Release|Any CPU.ActiveCfg = Release|Any CPU
		{D1A4B565-144B-489F-9375-95B99BFD36B7}.Release|Any CPU.Build.0 = Release|Any CPU
		{D1A4B565-144B-489F-9375-95B99BFD36B7}.Release|ARM32.ActiveCfg = Release|Any CPU
		{D1A4B565-144B-489F-9375-95B99BFD36B7}.Release|ARM32.Build.0 = Release|Any CPU
		{D1A4B565-144B-489F-9375-95B99BFD36B7}.Release|arm64.ActiveCfg = Release|Any CPU
		{D1A4B565-144B-489F-9375-95B99BFD36B7}.Release|arm64.Build.0 = Release|Any CPU
		{D1A4B565-144B-489F-9375-95B99BFD36B7}.Release|x64.ActiveCfg = Release|x64
		{D1A4B565-144B-489F-9375-95B99BFD36B7}.Release|x64.Build.0 = Release|x64
		{D1A4B565-144B-489F-9375-95B99BFD36B7}.Release|x86.ActiveCfg = Release|Any CPU
		{D1A4B565-144B-489F-9375-95B99BFD36B7}.Release|x86.Build.0 = Release|Any CPU
		{DA31732B-3672-472E-AA08-35294FA9C2F3}.Debug|Any CPU.ActiveCfg = Debug|Any CPU
		{DA31732B-3672-472E-AA08-35294FA9C2F3}.Debug|Any CPU.Build.0 = Debug|Any CPU
		{DA31732B-3672-472E-AA08-35294FA9C2F3}.Debug|ARM32.ActiveCfg = Debug|Any CPU
		{DA31732B-3672-472E-AA08-35294FA9C2F3}.Debug|ARM32.Build.0 = Debug|Any CPU
		{DA31732B-3672-472E-AA08-35294FA9C2F3}.Debug|arm64.ActiveCfg = Debug|Any CPU
		{DA31732B-3672-472E-AA08-35294FA9C2F3}.Debug|arm64.Build.0 = Debug|Any CPU
		{DA31732B-3672-472E-AA08-35294FA9C2F3}.Debug|x64.ActiveCfg = Debug|x64
		{DA31732B-3672-472E-AA08-35294FA9C2F3}.Debug|x64.Build.0 = Debug|x64
		{DA31732B-3672-472E-AA08-35294FA9C2F3}.Debug|x86.ActiveCfg = Debug|Any CPU
		{DA31732B-3672-472E-AA08-35294FA9C2F3}.Debug|x86.Build.0 = Debug|Any CPU
		{DA31732B-3672-472E-AA08-35294FA9C2F3}.Release|Any CPU.ActiveCfg = Release|Any CPU
		{DA31732B-3672-472E-AA08-35294FA9C2F3}.Release|Any CPU.Build.0 = Release|Any CPU
		{DA31732B-3672-472E-AA08-35294FA9C2F3}.Release|ARM32.ActiveCfg = Release|Any CPU
		{DA31732B-3672-472E-AA08-35294FA9C2F3}.Release|ARM32.Build.0 = Release|Any CPU
		{DA31732B-3672-472E-AA08-35294FA9C2F3}.Release|arm64.ActiveCfg = Release|Any CPU
		{DA31732B-3672-472E-AA08-35294FA9C2F3}.Release|arm64.Build.0 = Release|Any CPU
		{DA31732B-3672-472E-AA08-35294FA9C2F3}.Release|x64.ActiveCfg = Release|x64
		{DA31732B-3672-472E-AA08-35294FA9C2F3}.Release|x64.Build.0 = Release|x64
		{DA31732B-3672-472E-AA08-35294FA9C2F3}.Release|x86.ActiveCfg = Release|Any CPU
		{DA31732B-3672-472E-AA08-35294FA9C2F3}.Release|x86.Build.0 = Release|Any CPU
		{E5D38355-44EA-49B0-922A-E2253C0ADEA9}.Debug|Any CPU.ActiveCfg = Debug|Any CPU
		{E5D38355-44EA-49B0-922A-E2253C0ADEA9}.Debug|Any CPU.Build.0 = Debug|Any CPU
		{E5D38355-44EA-49B0-922A-E2253C0ADEA9}.Debug|ARM32.ActiveCfg = Debug|Any CPU
		{E5D38355-44EA-49B0-922A-E2253C0ADEA9}.Debug|ARM32.Build.0 = Debug|Any CPU
		{E5D38355-44EA-49B0-922A-E2253C0ADEA9}.Debug|arm64.ActiveCfg = Debug|Any CPU
		{E5D38355-44EA-49B0-922A-E2253C0ADEA9}.Debug|arm64.Build.0 = Debug|Any CPU
		{E5D38355-44EA-49B0-922A-E2253C0ADEA9}.Debug|x64.ActiveCfg = Debug|x64
		{E5D38355-44EA-49B0-922A-E2253C0ADEA9}.Debug|x64.Build.0 = Debug|x64
		{E5D38355-44EA-49B0-922A-E2253C0ADEA9}.Debug|x86.ActiveCfg = Debug|x86
		{E5D38355-44EA-49B0-922A-E2253C0ADEA9}.Debug|x86.Build.0 = Debug|x86
		{E5D38355-44EA-49B0-922A-E2253C0ADEA9}.Release|Any CPU.ActiveCfg = Release|Any CPU
		{E5D38355-44EA-49B0-922A-E2253C0ADEA9}.Release|Any CPU.Build.0 = Release|Any CPU
		{E5D38355-44EA-49B0-922A-E2253C0ADEA9}.Release|ARM32.ActiveCfg = Release|Any CPU
		{E5D38355-44EA-49B0-922A-E2253C0ADEA9}.Release|ARM32.Build.0 = Release|Any CPU
		{E5D38355-44EA-49B0-922A-E2253C0ADEA9}.Release|arm64.ActiveCfg = Release|Any CPU
		{E5D38355-44EA-49B0-922A-E2253C0ADEA9}.Release|arm64.Build.0 = Release|Any CPU
		{E5D38355-44EA-49B0-922A-E2253C0ADEA9}.Release|x64.ActiveCfg = Release|x64
		{E5D38355-44EA-49B0-922A-E2253C0ADEA9}.Release|x64.Build.0 = Release|x64
		{E5D38355-44EA-49B0-922A-E2253C0ADEA9}.Release|x86.ActiveCfg = Release|x86
		{E5D38355-44EA-49B0-922A-E2253C0ADEA9}.Release|x86.Build.0 = Release|x86
		{A40894F0-FF73-4B12-86E5-A7BC48CCE37B}.Debug|Any CPU.ActiveCfg = Debug|Any CPU
		{A40894F0-FF73-4B12-86E5-A7BC48CCE37B}.Debug|Any CPU.Build.0 = Debug|Any CPU
		{A40894F0-FF73-4B12-86E5-A7BC48CCE37B}.Debug|ARM32.ActiveCfg = Debug|Any CPU
		{A40894F0-FF73-4B12-86E5-A7BC48CCE37B}.Debug|ARM32.Build.0 = Debug|Any CPU
		{A40894F0-FF73-4B12-86E5-A7BC48CCE37B}.Debug|arm64.ActiveCfg = Debug|Any CPU
		{A40894F0-FF73-4B12-86E5-A7BC48CCE37B}.Debug|arm64.Build.0 = Debug|Any CPU
		{A40894F0-FF73-4B12-86E5-A7BC48CCE37B}.Debug|x64.ActiveCfg = Debug|x64
		{A40894F0-FF73-4B12-86E5-A7BC48CCE37B}.Debug|x64.Build.0 = Debug|x64
		{A40894F0-FF73-4B12-86E5-A7BC48CCE37B}.Debug|x86.ActiveCfg = Debug|x86
		{A40894F0-FF73-4B12-86E5-A7BC48CCE37B}.Debug|x86.Build.0 = Debug|x86
		{A40894F0-FF73-4B12-86E5-A7BC48CCE37B}.Release|Any CPU.ActiveCfg = Release|Any CPU
		{A40894F0-FF73-4B12-86E5-A7BC48CCE37B}.Release|Any CPU.Build.0 = Release|Any CPU
		{A40894F0-FF73-4B12-86E5-A7BC48CCE37B}.Release|ARM32.ActiveCfg = Release|Any CPU
		{A40894F0-FF73-4B12-86E5-A7BC48CCE37B}.Release|ARM32.Build.0 = Release|Any CPU
		{A40894F0-FF73-4B12-86E5-A7BC48CCE37B}.Release|arm64.ActiveCfg = Release|Any CPU
		{A40894F0-FF73-4B12-86E5-A7BC48CCE37B}.Release|arm64.Build.0 = Release|Any CPU
		{A40894F0-FF73-4B12-86E5-A7BC48CCE37B}.Release|x64.ActiveCfg = Release|x64
		{A40894F0-FF73-4B12-86E5-A7BC48CCE37B}.Release|x64.Build.0 = Release|x64
		{A40894F0-FF73-4B12-86E5-A7BC48CCE37B}.Release|x86.ActiveCfg = Release|x86
		{A40894F0-FF73-4B12-86E5-A7BC48CCE37B}.Release|x86.Build.0 = Release|x86
		{B37BF666-5581-46DA-A294-80D7D27F103F}.Debug|Any CPU.ActiveCfg = Debug|Any CPU
		{B37BF666-5581-46DA-A294-80D7D27F103F}.Debug|Any CPU.Build.0 = Debug|Any CPU
		{B37BF666-5581-46DA-A294-80D7D27F103F}.Debug|ARM32.ActiveCfg = Debug|Any CPU
		{B37BF666-5581-46DA-A294-80D7D27F103F}.Debug|ARM32.Build.0 = Debug|Any CPU
		{B37BF666-5581-46DA-A294-80D7D27F103F}.Debug|arm64.ActiveCfg = Debug|Any CPU
		{B37BF666-5581-46DA-A294-80D7D27F103F}.Debug|arm64.Build.0 = Debug|Any CPU
		{B37BF666-5581-46DA-A294-80D7D27F103F}.Debug|x64.ActiveCfg = Debug|x64
		{B37BF666-5581-46DA-A294-80D7D27F103F}.Debug|x64.Build.0 = Debug|x64
		{B37BF666-5581-46DA-A294-80D7D27F103F}.Debug|x86.ActiveCfg = Debug|x86
		{B37BF666-5581-46DA-A294-80D7D27F103F}.Debug|x86.Build.0 = Debug|x86
		{B37BF666-5581-46DA-A294-80D7D27F103F}.Release|Any CPU.ActiveCfg = Release|Any CPU
		{B37BF666-5581-46DA-A294-80D7D27F103F}.Release|Any CPU.Build.0 = Release|Any CPU
		{B37BF666-5581-46DA-A294-80D7D27F103F}.Release|ARM32.ActiveCfg = Release|Any CPU
		{B37BF666-5581-46DA-A294-80D7D27F103F}.Release|ARM32.Build.0 = Release|Any CPU
		{B37BF666-5581-46DA-A294-80D7D27F103F}.Release|arm64.ActiveCfg = Release|Any CPU
		{B37BF666-5581-46DA-A294-80D7D27F103F}.Release|arm64.Build.0 = Release|Any CPU
		{B37BF666-5581-46DA-A294-80D7D27F103F}.Release|x64.ActiveCfg = Release|x64
		{B37BF666-5581-46DA-A294-80D7D27F103F}.Release|x64.Build.0 = Release|x64
		{B37BF666-5581-46DA-A294-80D7D27F103F}.Release|x86.ActiveCfg = Release|x86
		{B37BF666-5581-46DA-A294-80D7D27F103F}.Release|x86.Build.0 = Release|x86
		{C847B5A9-E732-4154-9020-73CCA436188E}.Debug|Any CPU.ActiveCfg = Debug|Any CPU
		{C847B5A9-E732-4154-9020-73CCA436188E}.Debug|Any CPU.Build.0 = Debug|Any CPU
		{C847B5A9-E732-4154-9020-73CCA436188E}.Debug|ARM32.ActiveCfg = Debug|Any CPU
		{C847B5A9-E732-4154-9020-73CCA436188E}.Debug|ARM32.Build.0 = Debug|Any CPU
		{C847B5A9-E732-4154-9020-73CCA436188E}.Debug|arm64.ActiveCfg = Debug|Any CPU
		{C847B5A9-E732-4154-9020-73CCA436188E}.Debug|arm64.Build.0 = Debug|Any CPU
		{C847B5A9-E732-4154-9020-73CCA436188E}.Debug|x64.ActiveCfg = Debug|x64
		{C847B5A9-E732-4154-9020-73CCA436188E}.Debug|x64.Build.0 = Debug|x64
		{C847B5A9-E732-4154-9020-73CCA436188E}.Debug|x86.ActiveCfg = Debug|Any CPU
		{C847B5A9-E732-4154-9020-73CCA436188E}.Debug|x86.Build.0 = Debug|Any CPU
		{C847B5A9-E732-4154-9020-73CCA436188E}.Release|Any CPU.ActiveCfg = Release|Any CPU
		{C847B5A9-E732-4154-9020-73CCA436188E}.Release|Any CPU.Build.0 = Release|Any CPU
		{C847B5A9-E732-4154-9020-73CCA436188E}.Release|ARM32.ActiveCfg = Release|Any CPU
		{C847B5A9-E732-4154-9020-73CCA436188E}.Release|ARM32.Build.0 = Release|Any CPU
		{C847B5A9-E732-4154-9020-73CCA436188E}.Release|arm64.ActiveCfg = Release|Any CPU
		{C847B5A9-E732-4154-9020-73CCA436188E}.Release|arm64.Build.0 = Release|Any CPU
		{C847B5A9-E732-4154-9020-73CCA436188E}.Release|x64.ActiveCfg = Release|x64
		{C847B5A9-E732-4154-9020-73CCA436188E}.Release|x64.Build.0 = Release|x64
		{C847B5A9-E732-4154-9020-73CCA436188E}.Release|x86.ActiveCfg = Release|Any CPU
		{C847B5A9-E732-4154-9020-73CCA436188E}.Release|x86.Build.0 = Release|Any CPU
		{CFCABE52-E796-4D2E-971D-EB30BC2D48E6}.Debug|Any CPU.ActiveCfg = Debug|Any CPU
		{CFCABE52-E796-4D2E-971D-EB30BC2D48E6}.Debug|Any CPU.Build.0 = Debug|Any CPU
		{CFCABE52-E796-4D2E-971D-EB30BC2D48E6}.Debug|ARM32.ActiveCfg = Debug|ARM32
		{CFCABE52-E796-4D2E-971D-EB30BC2D48E6}.Debug|ARM32.Build.0 = Debug|ARM32
		{CFCABE52-E796-4D2E-971D-EB30BC2D48E6}.Debug|arm64.ActiveCfg = Debug|Any CPU
		{CFCABE52-E796-4D2E-971D-EB30BC2D48E6}.Debug|arm64.Build.0 = Debug|Any CPU
		{CFCABE52-E796-4D2E-971D-EB30BC2D48E6}.Debug|x64.ActiveCfg = Debug|x64
		{CFCABE52-E796-4D2E-971D-EB30BC2D48E6}.Debug|x64.Build.0 = Debug|x64
		{CFCABE52-E796-4D2E-971D-EB30BC2D48E6}.Debug|x86.ActiveCfg = Debug|Any CPU
		{CFCABE52-E796-4D2E-971D-EB30BC2D48E6}.Debug|x86.Build.0 = Debug|Any CPU
		{CFCABE52-E796-4D2E-971D-EB30BC2D48E6}.Release|Any CPU.ActiveCfg = Release|Any CPU
		{CFCABE52-E796-4D2E-971D-EB30BC2D48E6}.Release|Any CPU.Build.0 = Release|Any CPU
		{CFCABE52-E796-4D2E-971D-EB30BC2D48E6}.Release|ARM32.ActiveCfg = Release|ARM32
		{CFCABE52-E796-4D2E-971D-EB30BC2D48E6}.Release|ARM32.Build.0 = Release|ARM32
		{CFCABE52-E796-4D2E-971D-EB30BC2D48E6}.Release|arm64.ActiveCfg = Release|Any CPU
		{CFCABE52-E796-4D2E-971D-EB30BC2D48E6}.Release|arm64.Build.0 = Release|Any CPU
		{CFCABE52-E796-4D2E-971D-EB30BC2D48E6}.Release|x64.ActiveCfg = Release|x64
		{CFCABE52-E796-4D2E-971D-EB30BC2D48E6}.Release|x64.Build.0 = Release|x64
		{CFCABE52-E796-4D2E-971D-EB30BC2D48E6}.Release|x86.ActiveCfg = Release|Any CPU
		{CFCABE52-E796-4D2E-971D-EB30BC2D48E6}.Release|x86.Build.0 = Release|Any CPU
		{AED54F27-AE33-48AB-9937-E95F143D70A4}.Debug|Any CPU.ActiveCfg = Debug|Any CPU
		{AED54F27-AE33-48AB-9937-E95F143D70A4}.Debug|Any CPU.Build.0 = Debug|Any CPU
		{AED54F27-AE33-48AB-9937-E95F143D70A4}.Debug|ARM32.ActiveCfg = Debug|Any CPU
		{AED54F27-AE33-48AB-9937-E95F143D70A4}.Debug|ARM32.Build.0 = Debug|Any CPU
		{AED54F27-AE33-48AB-9937-E95F143D70A4}.Debug|arm64.ActiveCfg = Debug|Any CPU
		{AED54F27-AE33-48AB-9937-E95F143D70A4}.Debug|arm64.Build.0 = Debug|Any CPU
		{AED54F27-AE33-48AB-9937-E95F143D70A4}.Debug|x64.ActiveCfg = Debug|x64
		{AED54F27-AE33-48AB-9937-E95F143D70A4}.Debug|x64.Build.0 = Debug|x64
		{AED54F27-AE33-48AB-9937-E95F143D70A4}.Debug|x86.ActiveCfg = Debug|Any CPU
		{AED54F27-AE33-48AB-9937-E95F143D70A4}.Debug|x86.Build.0 = Debug|Any CPU
		{AED54F27-AE33-48AB-9937-E95F143D70A4}.Release|Any CPU.ActiveCfg = Release|Any CPU
		{AED54F27-AE33-48AB-9937-E95F143D70A4}.Release|Any CPU.Build.0 = Release|Any CPU
		{AED54F27-AE33-48AB-9937-E95F143D70A4}.Release|ARM32.ActiveCfg = Release|Any CPU
		{AED54F27-AE33-48AB-9937-E95F143D70A4}.Release|ARM32.Build.0 = Release|Any CPU
		{AED54F27-AE33-48AB-9937-E95F143D70A4}.Release|arm64.ActiveCfg = Release|Any CPU
		{AED54F27-AE33-48AB-9937-E95F143D70A4}.Release|arm64.Build.0 = Release|Any CPU
		{AED54F27-AE33-48AB-9937-E95F143D70A4}.Release|x64.ActiveCfg = Release|x64
		{AED54F27-AE33-48AB-9937-E95F143D70A4}.Release|x64.Build.0 = Release|x64
		{AED54F27-AE33-48AB-9937-E95F143D70A4}.Release|x86.ActiveCfg = Release|Any CPU
		{AED54F27-AE33-48AB-9937-E95F143D70A4}.Release|x86.Build.0 = Release|Any CPU
		{7D7E2CD8-E821-48BE-A8DA-F294578B3E91}.Debug|Any CPU.ActiveCfg = Debug|Any CPU
		{7D7E2CD8-E821-48BE-A8DA-F294578B3E91}.Debug|Any CPU.Build.0 = Debug|Any CPU
		{7D7E2CD8-E821-48BE-A8DA-F294578B3E91}.Debug|ARM32.ActiveCfg = Debug|Any CPU
		{7D7E2CD8-E821-48BE-A8DA-F294578B3E91}.Debug|ARM32.Build.0 = Debug|Any CPU
		{7D7E2CD8-E821-48BE-A8DA-F294578B3E91}.Debug|arm64.ActiveCfg = Debug|Any CPU
		{7D7E2CD8-E821-48BE-A8DA-F294578B3E91}.Debug|arm64.Build.0 = Debug|Any CPU
		{7D7E2CD8-E821-48BE-A8DA-F294578B3E91}.Debug|x64.ActiveCfg = Debug|x64
		{7D7E2CD8-E821-48BE-A8DA-F294578B3E91}.Debug|x64.Build.0 = Debug|x64
		{7D7E2CD8-E821-48BE-A8DA-F294578B3E91}.Debug|x86.ActiveCfg = Debug|Any CPU
		{7D7E2CD8-E821-48BE-A8DA-F294578B3E91}.Debug|x86.Build.0 = Debug|Any CPU
		{7D7E2CD8-E821-48BE-A8DA-F294578B3E91}.Release|Any CPU.ActiveCfg = Release|Any CPU
		{7D7E2CD8-E821-48BE-A8DA-F294578B3E91}.Release|Any CPU.Build.0 = Release|Any CPU
		{7D7E2CD8-E821-48BE-A8DA-F294578B3E91}.Release|ARM32.ActiveCfg = Release|Any CPU
		{7D7E2CD8-E821-48BE-A8DA-F294578B3E91}.Release|ARM32.Build.0 = Release|Any CPU
		{7D7E2CD8-E821-48BE-A8DA-F294578B3E91}.Release|arm64.ActiveCfg = Release|Any CPU
		{7D7E2CD8-E821-48BE-A8DA-F294578B3E91}.Release|arm64.Build.0 = Release|Any CPU
		{7D7E2CD8-E821-48BE-A8DA-F294578B3E91}.Release|x64.ActiveCfg = Release|x64
		{7D7E2CD8-E821-48BE-A8DA-F294578B3E91}.Release|x64.Build.0 = Release|x64
		{7D7E2CD8-E821-48BE-A8DA-F294578B3E91}.Release|x86.ActiveCfg = Release|Any CPU
		{7D7E2CD8-E821-48BE-A8DA-F294578B3E91}.Release|x86.Build.0 = Release|Any CPU
		{19A95C14-8934-48D7-A6FA-88A26F7B0003}.Debug|Any CPU.ActiveCfg = Debug|Any CPU
		{19A95C14-8934-48D7-A6FA-88A26F7B0003}.Debug|Any CPU.Build.0 = Debug|Any CPU
		{19A95C14-8934-48D7-A6FA-88A26F7B0003}.Debug|ARM32.ActiveCfg = Debug|Any CPU
		{19A95C14-8934-48D7-A6FA-88A26F7B0003}.Debug|ARM32.Build.0 = Debug|Any CPU
		{19A95C14-8934-48D7-A6FA-88A26F7B0003}.Debug|arm64.ActiveCfg = Debug|Any CPU
		{19A95C14-8934-48D7-A6FA-88A26F7B0003}.Debug|arm64.Build.0 = Debug|Any CPU
		{19A95C14-8934-48D7-A6FA-88A26F7B0003}.Debug|x64.ActiveCfg = Debug|x64
		{19A95C14-8934-48D7-A6FA-88A26F7B0003}.Debug|x64.Build.0 = Debug|x64
		{19A95C14-8934-48D7-A6FA-88A26F7B0003}.Debug|x86.ActiveCfg = Debug|Any CPU
		{19A95C14-8934-48D7-A6FA-88A26F7B0003}.Debug|x86.Build.0 = Debug|Any CPU
		{19A95C14-8934-48D7-A6FA-88A26F7B0003}.Release|Any CPU.ActiveCfg = Release|Any CPU
		{19A95C14-8934-48D7-A6FA-88A26F7B0003}.Release|Any CPU.Build.0 = Release|Any CPU
		{19A95C14-8934-48D7-A6FA-88A26F7B0003}.Release|ARM32.ActiveCfg = Release|Any CPU
		{19A95C14-8934-48D7-A6FA-88A26F7B0003}.Release|ARM32.Build.0 = Release|Any CPU
		{19A95C14-8934-48D7-A6FA-88A26F7B0003}.Release|arm64.ActiveCfg = Release|Any CPU
		{19A95C14-8934-48D7-A6FA-88A26F7B0003}.Release|arm64.Build.0 = Release|Any CPU
		{19A95C14-8934-48D7-A6FA-88A26F7B0003}.Release|x64.ActiveCfg = Release|x64
		{19A95C14-8934-48D7-A6FA-88A26F7B0003}.Release|x64.Build.0 = Release|x64
		{19A95C14-8934-48D7-A6FA-88A26F7B0003}.Release|x86.ActiveCfg = Release|Any CPU
		{19A95C14-8934-48D7-A6FA-88A26F7B0003}.Release|x86.Build.0 = Release|Any CPU
		{C4533C62-381A-4654-9498-0448C9D75BCD}.Debug|Any CPU.ActiveCfg = Debug|Any CPU
		{C4533C62-381A-4654-9498-0448C9D75BCD}.Debug|Any CPU.Build.0 = Debug|Any CPU
		{C4533C62-381A-4654-9498-0448C9D75BCD}.Debug|ARM32.ActiveCfg = Debug|Any CPU
		{C4533C62-381A-4654-9498-0448C9D75BCD}.Debug|ARM32.Build.0 = Debug|Any CPU
		{C4533C62-381A-4654-9498-0448C9D75BCD}.Debug|arm64.ActiveCfg = Debug|Any CPU
		{C4533C62-381A-4654-9498-0448C9D75BCD}.Debug|arm64.Build.0 = Debug|Any CPU
		{C4533C62-381A-4654-9498-0448C9D75BCD}.Debug|x64.ActiveCfg = Debug|x64
		{C4533C62-381A-4654-9498-0448C9D75BCD}.Debug|x64.Build.0 = Debug|x64
		{C4533C62-381A-4654-9498-0448C9D75BCD}.Debug|x86.ActiveCfg = Debug|Any CPU
		{C4533C62-381A-4654-9498-0448C9D75BCD}.Debug|x86.Build.0 = Debug|Any CPU
		{C4533C62-381A-4654-9498-0448C9D75BCD}.Release|Any CPU.ActiveCfg = Release|Any CPU
		{C4533C62-381A-4654-9498-0448C9D75BCD}.Release|Any CPU.Build.0 = Release|Any CPU
		{C4533C62-381A-4654-9498-0448C9D75BCD}.Release|ARM32.ActiveCfg = Release|Any CPU
		{C4533C62-381A-4654-9498-0448C9D75BCD}.Release|ARM32.Build.0 = Release|Any CPU
		{C4533C62-381A-4654-9498-0448C9D75BCD}.Release|arm64.ActiveCfg = Release|Any CPU
		{C4533C62-381A-4654-9498-0448C9D75BCD}.Release|arm64.Build.0 = Release|Any CPU
		{C4533C62-381A-4654-9498-0448C9D75BCD}.Release|x64.ActiveCfg = Release|x64
		{C4533C62-381A-4654-9498-0448C9D75BCD}.Release|x64.Build.0 = Release|x64
		{C4533C62-381A-4654-9498-0448C9D75BCD}.Release|x86.ActiveCfg = Release|Any CPU
		{C4533C62-381A-4654-9498-0448C9D75BCD}.Release|x86.Build.0 = Release|Any CPU
		{D0383A66-3EFB-4B77-8B07-4F7FEF9DB884}.Debug|Any CPU.ActiveCfg = Debug|Any CPU
		{D0383A66-3EFB-4B77-8B07-4F7FEF9DB884}.Debug|Any CPU.Build.0 = Debug|Any CPU
		{D0383A66-3EFB-4B77-8B07-4F7FEF9DB884}.Debug|ARM32.ActiveCfg = Debug|Any CPU
		{D0383A66-3EFB-4B77-8B07-4F7FEF9DB884}.Debug|ARM32.Build.0 = Debug|Any CPU
		{D0383A66-3EFB-4B77-8B07-4F7FEF9DB884}.Debug|arm64.ActiveCfg = Debug|Any CPU
		{D0383A66-3EFB-4B77-8B07-4F7FEF9DB884}.Debug|arm64.Build.0 = Debug|Any CPU
		{D0383A66-3EFB-4B77-8B07-4F7FEF9DB884}.Debug|x64.ActiveCfg = Debug|x64
		{D0383A66-3EFB-4B77-8B07-4F7FEF9DB884}.Debug|x64.Build.0 = Debug|x64
		{D0383A66-3EFB-4B77-8B07-4F7FEF9DB884}.Debug|x86.ActiveCfg = Debug|Any CPU
		{D0383A66-3EFB-4B77-8B07-4F7FEF9DB884}.Debug|x86.Build.0 = Debug|Any CPU
		{D0383A66-3EFB-4B77-8B07-4F7FEF9DB884}.Release|Any CPU.ActiveCfg = Release|Any CPU
		{D0383A66-3EFB-4B77-8B07-4F7FEF9DB884}.Release|Any CPU.Build.0 = Release|Any CPU
		{D0383A66-3EFB-4B77-8B07-4F7FEF9DB884}.Release|ARM32.ActiveCfg = Release|Any CPU
		{D0383A66-3EFB-4B77-8B07-4F7FEF9DB884}.Release|ARM32.Build.0 = Release|Any CPU
		{D0383A66-3EFB-4B77-8B07-4F7FEF9DB884}.Release|arm64.ActiveCfg = Release|Any CPU
		{D0383A66-3EFB-4B77-8B07-4F7FEF9DB884}.Release|arm64.Build.0 = Release|Any CPU
		{D0383A66-3EFB-4B77-8B07-4F7FEF9DB884}.Release|x64.ActiveCfg = Release|x64
		{D0383A66-3EFB-4B77-8B07-4F7FEF9DB884}.Release|x64.Build.0 = Release|x64
		{D0383A66-3EFB-4B77-8B07-4F7FEF9DB884}.Release|x86.ActiveCfg = Release|Any CPU
		{D0383A66-3EFB-4B77-8B07-4F7FEF9DB884}.Release|x86.Build.0 = Release|Any CPU
		{09B0CEC5-B2BF-48BF-A87E-248EB08936EC}.Debug|Any CPU.ActiveCfg = Debug|Any CPU
		{09B0CEC5-B2BF-48BF-A87E-248EB08936EC}.Debug|Any CPU.Build.0 = Debug|Any CPU
		{09B0CEC5-B2BF-48BF-A87E-248EB08936EC}.Debug|ARM32.ActiveCfg = Debug|Any CPU
		{09B0CEC5-B2BF-48BF-A87E-248EB08936EC}.Debug|ARM32.Build.0 = Debug|Any CPU
		{09B0CEC5-B2BF-48BF-A87E-248EB08936EC}.Debug|arm64.ActiveCfg = Debug|Any CPU
		{09B0CEC5-B2BF-48BF-A87E-248EB08936EC}.Debug|arm64.Build.0 = Debug|Any CPU
		{09B0CEC5-B2BF-48BF-A87E-248EB08936EC}.Debug|x64.ActiveCfg = Debug|x64
		{09B0CEC5-B2BF-48BF-A87E-248EB08936EC}.Debug|x64.Build.0 = Debug|x64
		{09B0CEC5-B2BF-48BF-A87E-248EB08936EC}.Debug|x86.ActiveCfg = Debug|Any CPU
		{09B0CEC5-B2BF-48BF-A87E-248EB08936EC}.Debug|x86.Build.0 = Debug|Any CPU
		{09B0CEC5-B2BF-48BF-A87E-248EB08936EC}.Release|Any CPU.ActiveCfg = Release|Any CPU
		{09B0CEC5-B2BF-48BF-A87E-248EB08936EC}.Release|Any CPU.Build.0 = Release|Any CPU
		{09B0CEC5-B2BF-48BF-A87E-248EB08936EC}.Release|ARM32.ActiveCfg = Release|Any CPU
		{09B0CEC5-B2BF-48BF-A87E-248EB08936EC}.Release|ARM32.Build.0 = Release|Any CPU
		{09B0CEC5-B2BF-48BF-A87E-248EB08936EC}.Release|arm64.ActiveCfg = Release|Any CPU
		{09B0CEC5-B2BF-48BF-A87E-248EB08936EC}.Release|arm64.Build.0 = Release|Any CPU
		{09B0CEC5-B2BF-48BF-A87E-248EB08936EC}.Release|x64.ActiveCfg = Release|x64
		{09B0CEC5-B2BF-48BF-A87E-248EB08936EC}.Release|x64.Build.0 = Release|x64
		{09B0CEC5-B2BF-48BF-A87E-248EB08936EC}.Release|x86.ActiveCfg = Release|Any CPU
		{09B0CEC5-B2BF-48BF-A87E-248EB08936EC}.Release|x86.Build.0 = Release|Any CPU
		{36376C2E-3C3A-4D5A-8444-81752B305A79}.Debug|Any CPU.ActiveCfg = Debug|Any CPU
		{36376C2E-3C3A-4D5A-8444-81752B305A79}.Debug|Any CPU.Build.0 = Debug|Any CPU
		{36376C2E-3C3A-4D5A-8444-81752B305A79}.Debug|ARM32.ActiveCfg = Debug|Any CPU
		{36376C2E-3C3A-4D5A-8444-81752B305A79}.Debug|ARM32.Build.0 = Debug|Any CPU
		{36376C2E-3C3A-4D5A-8444-81752B305A79}.Debug|arm64.ActiveCfg = Debug|Any CPU
		{36376C2E-3C3A-4D5A-8444-81752B305A79}.Debug|arm64.Build.0 = Debug|Any CPU
		{36376C2E-3C3A-4D5A-8444-81752B305A79}.Debug|x64.ActiveCfg = Debug|x64
		{36376C2E-3C3A-4D5A-8444-81752B305A79}.Debug|x64.Build.0 = Debug|x64
		{36376C2E-3C3A-4D5A-8444-81752B305A79}.Debug|x86.ActiveCfg = Debug|Any CPU
		{36376C2E-3C3A-4D5A-8444-81752B305A79}.Debug|x86.Build.0 = Debug|Any CPU
		{36376C2E-3C3A-4D5A-8444-81752B305A79}.Release|Any CPU.ActiveCfg = Release|Any CPU
		{36376C2E-3C3A-4D5A-8444-81752B305A79}.Release|Any CPU.Build.0 = Release|Any CPU
		{36376C2E-3C3A-4D5A-8444-81752B305A79}.Release|ARM32.ActiveCfg = Release|Any CPU
		{36376C2E-3C3A-4D5A-8444-81752B305A79}.Release|ARM32.Build.0 = Release|Any CPU
		{36376C2E-3C3A-4D5A-8444-81752B305A79}.Release|arm64.ActiveCfg = Release|Any CPU
		{36376C2E-3C3A-4D5A-8444-81752B305A79}.Release|arm64.Build.0 = Release|Any CPU
		{36376C2E-3C3A-4D5A-8444-81752B305A79}.Release|x64.ActiveCfg = Release|x64
		{36376C2E-3C3A-4D5A-8444-81752B305A79}.Release|x64.Build.0 = Release|x64
		{36376C2E-3C3A-4D5A-8444-81752B305A79}.Release|x86.ActiveCfg = Release|Any CPU
		{36376C2E-3C3A-4D5A-8444-81752B305A79}.Release|x86.Build.0 = Release|Any CPU
		{38323A61-5D42-499E-A993-564B08C7247B}.Debug|Any CPU.ActiveCfg = Debug|Any CPU
		{38323A61-5D42-499E-A993-564B08C7247B}.Debug|Any CPU.Build.0 = Debug|Any CPU
		{38323A61-5D42-499E-A993-564B08C7247B}.Debug|ARM32.ActiveCfg = Debug|Any CPU
		{38323A61-5D42-499E-A993-564B08C7247B}.Debug|ARM32.Build.0 = Debug|Any CPU
		{38323A61-5D42-499E-A993-564B08C7247B}.Debug|arm64.ActiveCfg = Debug|Any CPU
		{38323A61-5D42-499E-A993-564B08C7247B}.Debug|arm64.Build.0 = Debug|Any CPU
		{38323A61-5D42-499E-A993-564B08C7247B}.Debug|x64.ActiveCfg = Debug|x64
		{38323A61-5D42-499E-A993-564B08C7247B}.Debug|x64.Build.0 = Debug|x64
		{38323A61-5D42-499E-A993-564B08C7247B}.Debug|x86.ActiveCfg = Debug|Any CPU
		{38323A61-5D42-499E-A993-564B08C7247B}.Debug|x86.Build.0 = Debug|Any CPU
		{38323A61-5D42-499E-A993-564B08C7247B}.Release|Any CPU.ActiveCfg = Release|Any CPU
		{38323A61-5D42-499E-A993-564B08C7247B}.Release|Any CPU.Build.0 = Release|Any CPU
		{38323A61-5D42-499E-A993-564B08C7247B}.Release|ARM32.ActiveCfg = Release|Any CPU
		{38323A61-5D42-499E-A993-564B08C7247B}.Release|ARM32.Build.0 = Release|Any CPU
		{38323A61-5D42-499E-A993-564B08C7247B}.Release|arm64.ActiveCfg = Release|Any CPU
		{38323A61-5D42-499E-A993-564B08C7247B}.Release|arm64.Build.0 = Release|Any CPU
		{38323A61-5D42-499E-A993-564B08C7247B}.Release|x64.ActiveCfg = Release|Any CPU
		{38323A61-5D42-499E-A993-564B08C7247B}.Release|x64.Build.0 = Release|Any CPU
		{38323A61-5D42-499E-A993-564B08C7247B}.Release|x86.ActiveCfg = Release|Any CPU
		{38323A61-5D42-499E-A993-564B08C7247B}.Release|x86.Build.0 = Release|Any CPU
		{946E5E6B-69D5-4A51-A08B-8AC44885034F}.Debug|Any CPU.ActiveCfg = Debug|Any CPU
		{946E5E6B-69D5-4A51-A08B-8AC44885034F}.Debug|Any CPU.Build.0 = Debug|Any CPU
		{946E5E6B-69D5-4A51-A08B-8AC44885034F}.Debug|ARM32.ActiveCfg = Debug|Any CPU
		{946E5E6B-69D5-4A51-A08B-8AC44885034F}.Debug|ARM32.Build.0 = Debug|Any CPU
		{946E5E6B-69D5-4A51-A08B-8AC44885034F}.Debug|arm64.ActiveCfg = Debug|arm64
		{946E5E6B-69D5-4A51-A08B-8AC44885034F}.Debug|arm64.Build.0 = Debug|arm64
		{946E5E6B-69D5-4A51-A08B-8AC44885034F}.Debug|x64.ActiveCfg = Debug|x64
		{946E5E6B-69D5-4A51-A08B-8AC44885034F}.Debug|x64.Build.0 = Debug|x64
		{946E5E6B-69D5-4A51-A08B-8AC44885034F}.Debug|x86.ActiveCfg = Debug|x86
		{946E5E6B-69D5-4A51-A08B-8AC44885034F}.Debug|x86.Build.0 = Debug|x86
		{946E5E6B-69D5-4A51-A08B-8AC44885034F}.Release|Any CPU.ActiveCfg = Release|Any CPU
		{946E5E6B-69D5-4A51-A08B-8AC44885034F}.Release|Any CPU.Build.0 = Release|Any CPU
		{946E5E6B-69D5-4A51-A08B-8AC44885034F}.Release|ARM32.ActiveCfg = Release|Any CPU
		{946E5E6B-69D5-4A51-A08B-8AC44885034F}.Release|ARM32.Build.0 = Release|Any CPU
		{946E5E6B-69D5-4A51-A08B-8AC44885034F}.Release|arm64.ActiveCfg = Release|arm64
		{946E5E6B-69D5-4A51-A08B-8AC44885034F}.Release|arm64.Build.0 = Release|arm64
		{946E5E6B-69D5-4A51-A08B-8AC44885034F}.Release|x64.ActiveCfg = Release|x64
		{946E5E6B-69D5-4A51-A08B-8AC44885034F}.Release|x64.Build.0 = Release|x64
		{946E5E6B-69D5-4A51-A08B-8AC44885034F}.Release|x86.ActiveCfg = Release|x86
		{946E5E6B-69D5-4A51-A08B-8AC44885034F}.Release|x86.Build.0 = Release|x86
		{DFA3880E-A077-4AD4-8D1D-237CD1E5158B}.Debug|Any CPU.ActiveCfg = Debug|Any CPU
		{DFA3880E-A077-4AD4-8D1D-237CD1E5158B}.Debug|Any CPU.Build.0 = Debug|Any CPU
		{DFA3880E-A077-4AD4-8D1D-237CD1E5158B}.Debug|ARM32.ActiveCfg = Debug|Any CPU
		{DFA3880E-A077-4AD4-8D1D-237CD1E5158B}.Debug|ARM32.Build.0 = Debug|Any CPU
		{DFA3880E-A077-4AD4-8D1D-237CD1E5158B}.Debug|arm64.ActiveCfg = Debug|Any CPU
		{DFA3880E-A077-4AD4-8D1D-237CD1E5158B}.Debug|arm64.Build.0 = Debug|Any CPU
		{DFA3880E-A077-4AD4-8D1D-237CD1E5158B}.Debug|x64.ActiveCfg = Debug|x64
		{DFA3880E-A077-4AD4-8D1D-237CD1E5158B}.Debug|x64.Build.0 = Debug|x64
		{DFA3880E-A077-4AD4-8D1D-237CD1E5158B}.Debug|x86.ActiveCfg = Debug|Any CPU
		{DFA3880E-A077-4AD4-8D1D-237CD1E5158B}.Debug|x86.Build.0 = Debug|Any CPU
		{DFA3880E-A077-4AD4-8D1D-237CD1E5158B}.Release|Any CPU.ActiveCfg = Release|Any CPU
		{DFA3880E-A077-4AD4-8D1D-237CD1E5158B}.Release|Any CPU.Build.0 = Release|Any CPU
		{DFA3880E-A077-4AD4-8D1D-237CD1E5158B}.Release|ARM32.ActiveCfg = Release|Any CPU
		{DFA3880E-A077-4AD4-8D1D-237CD1E5158B}.Release|ARM32.Build.0 = Release|Any CPU
		{DFA3880E-A077-4AD4-8D1D-237CD1E5158B}.Release|arm64.ActiveCfg = Release|Any CPU
		{DFA3880E-A077-4AD4-8D1D-237CD1E5158B}.Release|arm64.Build.0 = Release|Any CPU
		{DFA3880E-A077-4AD4-8D1D-237CD1E5158B}.Release|x64.ActiveCfg = Release|Any CPU
		{DFA3880E-A077-4AD4-8D1D-237CD1E5158B}.Release|x64.Build.0 = Release|Any CPU
		{DFA3880E-A077-4AD4-8D1D-237CD1E5158B}.Release|x86.ActiveCfg = Release|Any CPU
		{DFA3880E-A077-4AD4-8D1D-237CD1E5158B}.Release|x86.Build.0 = Release|Any CPU
		{2A3B9755-B2EE-4B10-B7DE-14052F9CD8EF}.Debug|Any CPU.ActiveCfg = Debug|Any CPU
		{2A3B9755-B2EE-4B10-B7DE-14052F9CD8EF}.Debug|Any CPU.Build.0 = Debug|Any CPU
		{2A3B9755-B2EE-4B10-B7DE-14052F9CD8EF}.Debug|ARM32.ActiveCfg = Debug|Any CPU
		{2A3B9755-B2EE-4B10-B7DE-14052F9CD8EF}.Debug|ARM32.Build.0 = Debug|Any CPU
		{2A3B9755-B2EE-4B10-B7DE-14052F9CD8EF}.Debug|arm64.ActiveCfg = Debug|Any CPU
		{2A3B9755-B2EE-4B10-B7DE-14052F9CD8EF}.Debug|arm64.Build.0 = Debug|Any CPU
		{2A3B9755-B2EE-4B10-B7DE-14052F9CD8EF}.Debug|x64.ActiveCfg = Debug|x64
		{2A3B9755-B2EE-4B10-B7DE-14052F9CD8EF}.Debug|x64.Build.0 = Debug|x64
		{2A3B9755-B2EE-4B10-B7DE-14052F9CD8EF}.Debug|x86.ActiveCfg = Debug|Any CPU
		{2A3B9755-B2EE-4B10-B7DE-14052F9CD8EF}.Debug|x86.Build.0 = Debug|Any CPU
		{2A3B9755-B2EE-4B10-B7DE-14052F9CD8EF}.Release|Any CPU.ActiveCfg = Release|Any CPU
		{2A3B9755-B2EE-4B10-B7DE-14052F9CD8EF}.Release|Any CPU.Build.0 = Release|Any CPU
		{2A3B9755-B2EE-4B10-B7DE-14052F9CD8EF}.Release|ARM32.ActiveCfg = Release|Any CPU
		{2A3B9755-B2EE-4B10-B7DE-14052F9CD8EF}.Release|ARM32.Build.0 = Release|Any CPU
		{2A3B9755-B2EE-4B10-B7DE-14052F9CD8EF}.Release|arm64.ActiveCfg = Release|Any CPU
		{2A3B9755-B2EE-4B10-B7DE-14052F9CD8EF}.Release|arm64.Build.0 = Release|Any CPU
		{2A3B9755-B2EE-4B10-B7DE-14052F9CD8EF}.Release|x64.ActiveCfg = Release|Any CPU
		{2A3B9755-B2EE-4B10-B7DE-14052F9CD8EF}.Release|x64.Build.0 = Release|Any CPU
		{2A3B9755-B2EE-4B10-B7DE-14052F9CD8EF}.Release|x86.ActiveCfg = Release|Any CPU
		{2A3B9755-B2EE-4B10-B7DE-14052F9CD8EF}.Release|x86.Build.0 = Release|Any CPU
		{932BF043-355B-4784-A69E-AE65C2215A72}.Debug|Any CPU.ActiveCfg = Debug|Any CPU
		{932BF043-355B-4784-A69E-AE65C2215A72}.Debug|Any CPU.Build.0 = Debug|Any CPU
		{932BF043-355B-4784-A69E-AE65C2215A72}.Debug|ARM32.ActiveCfg = Debug|Any CPU
		{932BF043-355B-4784-A69E-AE65C2215A72}.Debug|ARM32.Build.0 = Debug|Any CPU
		{932BF043-355B-4784-A69E-AE65C2215A72}.Debug|arm64.ActiveCfg = Debug|Any CPU
		{932BF043-355B-4784-A69E-AE65C2215A72}.Debug|arm64.Build.0 = Debug|Any CPU
		{932BF043-355B-4784-A69E-AE65C2215A72}.Debug|x64.ActiveCfg = Debug|x64
		{932BF043-355B-4784-A69E-AE65C2215A72}.Debug|x64.Build.0 = Debug|x64
		{932BF043-355B-4784-A69E-AE65C2215A72}.Debug|x86.ActiveCfg = Debug|Any CPU
		{932BF043-355B-4784-A69E-AE65C2215A72}.Debug|x86.Build.0 = Debug|Any CPU
		{932BF043-355B-4784-A69E-AE65C2215A72}.Release|Any CPU.ActiveCfg = Release|Any CPU
		{932BF043-355B-4784-A69E-AE65C2215A72}.Release|Any CPU.Build.0 = Release|Any CPU
		{932BF043-355B-4784-A69E-AE65C2215A72}.Release|ARM32.ActiveCfg = Release|Any CPU
		{932BF043-355B-4784-A69E-AE65C2215A72}.Release|ARM32.Build.0 = Release|Any CPU
		{932BF043-355B-4784-A69E-AE65C2215A72}.Release|arm64.ActiveCfg = Release|Any CPU
		{932BF043-355B-4784-A69E-AE65C2215A72}.Release|arm64.Build.0 = Release|Any CPU
		{932BF043-355B-4784-A69E-AE65C2215A72}.Release|x64.ActiveCfg = Release|Any CPU
		{932BF043-355B-4784-A69E-AE65C2215A72}.Release|x64.Build.0 = Release|Any CPU
		{932BF043-355B-4784-A69E-AE65C2215A72}.Release|x86.ActiveCfg = Release|Any CPU
		{932BF043-355B-4784-A69E-AE65C2215A72}.Release|x86.Build.0 = Release|Any CPU
		{8CBF1820-1F47-496B-8D0A-BA1B2E392D8F}.Debug|Any CPU.ActiveCfg = Debug|Any CPU
		{8CBF1820-1F47-496B-8D0A-BA1B2E392D8F}.Debug|Any CPU.Build.0 = Debug|Any CPU
		{8CBF1820-1F47-496B-8D0A-BA1B2E392D8F}.Debug|ARM32.ActiveCfg = Debug|Any CPU
		{8CBF1820-1F47-496B-8D0A-BA1B2E392D8F}.Debug|ARM32.Build.0 = Debug|Any CPU
		{8CBF1820-1F47-496B-8D0A-BA1B2E392D8F}.Debug|arm64.ActiveCfg = Debug|Any CPU
		{8CBF1820-1F47-496B-8D0A-BA1B2E392D8F}.Debug|arm64.Build.0 = Debug|Any CPU
		{8CBF1820-1F47-496B-8D0A-BA1B2E392D8F}.Debug|x64.ActiveCfg = Debug|x64
		{8CBF1820-1F47-496B-8D0A-BA1B2E392D8F}.Debug|x64.Build.0 = Debug|x64
		{8CBF1820-1F47-496B-8D0A-BA1B2E392D8F}.Debug|x86.ActiveCfg = Debug|Any CPU
		{8CBF1820-1F47-496B-8D0A-BA1B2E392D8F}.Debug|x86.Build.0 = Debug|Any CPU
		{8CBF1820-1F47-496B-8D0A-BA1B2E392D8F}.Release|Any CPU.ActiveCfg = Release|Any CPU
		{8CBF1820-1F47-496B-8D0A-BA1B2E392D8F}.Release|Any CPU.Build.0 = Release|Any CPU
		{8CBF1820-1F47-496B-8D0A-BA1B2E392D8F}.Release|ARM32.ActiveCfg = Release|Any CPU
		{8CBF1820-1F47-496B-8D0A-BA1B2E392D8F}.Release|ARM32.Build.0 = Release|Any CPU
		{8CBF1820-1F47-496B-8D0A-BA1B2E392D8F}.Release|arm64.ActiveCfg = Release|Any CPU
		{8CBF1820-1F47-496B-8D0A-BA1B2E392D8F}.Release|arm64.Build.0 = Release|Any CPU
		{8CBF1820-1F47-496B-8D0A-BA1B2E392D8F}.Release|x64.ActiveCfg = Release|Any CPU
		{8CBF1820-1F47-496B-8D0A-BA1B2E392D8F}.Release|x64.Build.0 = Release|Any CPU
		{8CBF1820-1F47-496B-8D0A-BA1B2E392D8F}.Release|x86.ActiveCfg = Release|Any CPU
		{8CBF1820-1F47-496B-8D0A-BA1B2E392D8F}.Release|x86.Build.0 = Release|Any CPU
		{9CEBA8E7-9633-4075-A617-BAFB3423C154}.Debug|Any CPU.ActiveCfg = Debug|Any CPU
		{9CEBA8E7-9633-4075-A617-BAFB3423C154}.Debug|Any CPU.Build.0 = Debug|Any CPU
		{9CEBA8E7-9633-4075-A617-BAFB3423C154}.Debug|ARM32.ActiveCfg = Debug|Any CPU
		{9CEBA8E7-9633-4075-A617-BAFB3423C154}.Debug|ARM32.Build.0 = Debug|Any CPU
		{9CEBA8E7-9633-4075-A617-BAFB3423C154}.Debug|arm64.ActiveCfg = Debug|Any CPU
		{9CEBA8E7-9633-4075-A617-BAFB3423C154}.Debug|arm64.Build.0 = Debug|Any CPU
		{9CEBA8E7-9633-4075-A617-BAFB3423C154}.Debug|x64.ActiveCfg = Debug|x64
		{9CEBA8E7-9633-4075-A617-BAFB3423C154}.Debug|x64.Build.0 = Debug|x64
		{9CEBA8E7-9633-4075-A617-BAFB3423C154}.Debug|x86.ActiveCfg = Debug|Any CPU
		{9CEBA8E7-9633-4075-A617-BAFB3423C154}.Debug|x86.Build.0 = Debug|Any CPU
		{9CEBA8E7-9633-4075-A617-BAFB3423C154}.Release|Any CPU.ActiveCfg = Release|Any CPU
		{9CEBA8E7-9633-4075-A617-BAFB3423C154}.Release|Any CPU.Build.0 = Release|Any CPU
		{9CEBA8E7-9633-4075-A617-BAFB3423C154}.Release|ARM32.ActiveCfg = Release|Any CPU
		{9CEBA8E7-9633-4075-A617-BAFB3423C154}.Release|ARM32.Build.0 = Release|Any CPU
		{9CEBA8E7-9633-4075-A617-BAFB3423C154}.Release|arm64.ActiveCfg = Release|Any CPU
		{9CEBA8E7-9633-4075-A617-BAFB3423C154}.Release|arm64.Build.0 = Release|Any CPU
		{9CEBA8E7-9633-4075-A617-BAFB3423C154}.Release|x64.ActiveCfg = Release|x64
		{9CEBA8E7-9633-4075-A617-BAFB3423C154}.Release|x64.Build.0 = Release|x64
		{9CEBA8E7-9633-4075-A617-BAFB3423C154}.Release|x86.ActiveCfg = Release|Any CPU
		{9CEBA8E7-9633-4075-A617-BAFB3423C154}.Release|x86.Build.0 = Release|Any CPU
		{A6672464-8C65-44B0-9759-B2CBE443B4D4}.Debug|Any CPU.ActiveCfg = Debug|x64
		{A6672464-8C65-44B0-9759-B2CBE443B4D4}.Debug|Any CPU.Build.0 = Debug|x64
		{A6672464-8C65-44B0-9759-B2CBE443B4D4}.Debug|Any CPU.Deploy.0 = Debug|x64
		{A6672464-8C65-44B0-9759-B2CBE443B4D4}.Debug|ARM32.ActiveCfg = Debug|x64
		{A6672464-8C65-44B0-9759-B2CBE443B4D4}.Debug|ARM32.Build.0 = Debug|x64
		{A6672464-8C65-44B0-9759-B2CBE443B4D4}.Debug|ARM32.Deploy.0 = Debug|x64
		{A6672464-8C65-44B0-9759-B2CBE443B4D4}.Debug|arm64.ActiveCfg = Debug|arm64
		{A6672464-8C65-44B0-9759-B2CBE443B4D4}.Debug|arm64.Build.0 = Debug|arm64
		{A6672464-8C65-44B0-9759-B2CBE443B4D4}.Debug|arm64.Deploy.0 = Debug|arm64
		{A6672464-8C65-44B0-9759-B2CBE443B4D4}.Debug|x64.ActiveCfg = Debug|x64
		{A6672464-8C65-44B0-9759-B2CBE443B4D4}.Debug|x64.Build.0 = Debug|x64
		{A6672464-8C65-44B0-9759-B2CBE443B4D4}.Debug|x64.Deploy.0 = Debug|x64
		{A6672464-8C65-44B0-9759-B2CBE443B4D4}.Debug|x86.ActiveCfg = Debug|x86
		{A6672464-8C65-44B0-9759-B2CBE443B4D4}.Debug|x86.Build.0 = Debug|x86
		{A6672464-8C65-44B0-9759-B2CBE443B4D4}.Debug|x86.Deploy.0 = Debug|x86
		{A6672464-8C65-44B0-9759-B2CBE443B4D4}.Release|Any CPU.ActiveCfg = Release|x64
		{A6672464-8C65-44B0-9759-B2CBE443B4D4}.Release|Any CPU.Build.0 = Release|x64
		{A6672464-8C65-44B0-9759-B2CBE443B4D4}.Release|Any CPU.Deploy.0 = Release|x64
		{A6672464-8C65-44B0-9759-B2CBE443B4D4}.Release|ARM32.ActiveCfg = Release|x64
		{A6672464-8C65-44B0-9759-B2CBE443B4D4}.Release|ARM32.Build.0 = Release|x64
		{A6672464-8C65-44B0-9759-B2CBE443B4D4}.Release|ARM32.Deploy.0 = Release|x64
		{A6672464-8C65-44B0-9759-B2CBE443B4D4}.Release|arm64.ActiveCfg = Release|arm64
		{A6672464-8C65-44B0-9759-B2CBE443B4D4}.Release|arm64.Build.0 = Release|arm64
		{A6672464-8C65-44B0-9759-B2CBE443B4D4}.Release|arm64.Deploy.0 = Release|arm64
		{A6672464-8C65-44B0-9759-B2CBE443B4D4}.Release|x64.ActiveCfg = Release|x64
		{A6672464-8C65-44B0-9759-B2CBE443B4D4}.Release|x64.Build.0 = Release|x64
		{A6672464-8C65-44B0-9759-B2CBE443B4D4}.Release|x64.Deploy.0 = Release|x64
		{A6672464-8C65-44B0-9759-B2CBE443B4D4}.Release|x86.ActiveCfg = Release|x86
		{A6672464-8C65-44B0-9759-B2CBE443B4D4}.Release|x86.Build.0 = Release|x86
		{A6672464-8C65-44B0-9759-B2CBE443B4D4}.Release|x86.Deploy.0 = Release|x86
		{03F076E7-0FF4-4AD3-B8EC-C05B802BA07A}.Debug|Any CPU.ActiveCfg = Debug|Any CPU
		{03F076E7-0FF4-4AD3-B8EC-C05B802BA07A}.Debug|Any CPU.Build.0 = Debug|Any CPU
		{03F076E7-0FF4-4AD3-B8EC-C05B802BA07A}.Debug|ARM32.ActiveCfg = Debug|Any CPU
		{03F076E7-0FF4-4AD3-B8EC-C05B802BA07A}.Debug|ARM32.Build.0 = Debug|Any CPU
		{03F076E7-0FF4-4AD3-B8EC-C05B802BA07A}.Debug|arm64.ActiveCfg = Debug|Any CPU
		{03F076E7-0FF4-4AD3-B8EC-C05B802BA07A}.Debug|arm64.Build.0 = Debug|Any CPU
		{03F076E7-0FF4-4AD3-B8EC-C05B802BA07A}.Debug|x64.ActiveCfg = Debug|Any CPU
		{03F076E7-0FF4-4AD3-B8EC-C05B802BA07A}.Debug|x64.Build.0 = Debug|Any CPU
		{03F076E7-0FF4-4AD3-B8EC-C05B802BA07A}.Debug|x86.ActiveCfg = Debug|Any CPU
		{03F076E7-0FF4-4AD3-B8EC-C05B802BA07A}.Debug|x86.Build.0 = Debug|Any CPU
		{03F076E7-0FF4-4AD3-B8EC-C05B802BA07A}.Release|Any CPU.ActiveCfg = Release|Any CPU
		{03F076E7-0FF4-4AD3-B8EC-C05B802BA07A}.Release|Any CPU.Build.0 = Release|Any CPU
		{03F076E7-0FF4-4AD3-B8EC-C05B802BA07A}.Release|ARM32.ActiveCfg = Release|Any CPU
		{03F076E7-0FF4-4AD3-B8EC-C05B802BA07A}.Release|ARM32.Build.0 = Release|Any CPU
		{03F076E7-0FF4-4AD3-B8EC-C05B802BA07A}.Release|arm64.ActiveCfg = Release|Any CPU
		{03F076E7-0FF4-4AD3-B8EC-C05B802BA07A}.Release|arm64.Build.0 = Release|Any CPU
		{03F076E7-0FF4-4AD3-B8EC-C05B802BA07A}.Release|x64.ActiveCfg = Release|Any CPU
		{03F076E7-0FF4-4AD3-B8EC-C05B802BA07A}.Release|x64.Build.0 = Release|Any CPU
		{03F076E7-0FF4-4AD3-B8EC-C05B802BA07A}.Release|x86.ActiveCfg = Release|Any CPU
		{03F076E7-0FF4-4AD3-B8EC-C05B802BA07A}.Release|x86.Build.0 = Release|Any CPU
		{2A799A2D-F18B-44C7-853F-BB43C91C8A13}.Debug|Any CPU.ActiveCfg = Debug|Any CPU
		{2A799A2D-F18B-44C7-853F-BB43C91C8A13}.Debug|Any CPU.Build.0 = Debug|Any CPU
		{2A799A2D-F18B-44C7-853F-BB43C91C8A13}.Debug|ARM32.ActiveCfg = Debug|Any CPU
		{2A799A2D-F18B-44C7-853F-BB43C91C8A13}.Debug|ARM32.Build.0 = Debug|Any CPU
		{2A799A2D-F18B-44C7-853F-BB43C91C8A13}.Debug|arm64.ActiveCfg = Debug|Any CPU
		{2A799A2D-F18B-44C7-853F-BB43C91C8A13}.Debug|arm64.Build.0 = Debug|Any CPU
		{2A799A2D-F18B-44C7-853F-BB43C91C8A13}.Debug|x64.ActiveCfg = Debug|Any CPU
		{2A799A2D-F18B-44C7-853F-BB43C91C8A13}.Debug|x64.Build.0 = Debug|Any CPU
		{2A799A2D-F18B-44C7-853F-BB43C91C8A13}.Debug|x86.ActiveCfg = Debug|Any CPU
		{2A799A2D-F18B-44C7-853F-BB43C91C8A13}.Debug|x86.Build.0 = Debug|Any CPU
		{2A799A2D-F18B-44C7-853F-BB43C91C8A13}.Release|Any CPU.ActiveCfg = Release|Any CPU
		{2A799A2D-F18B-44C7-853F-BB43C91C8A13}.Release|Any CPU.Build.0 = Release|Any CPU
		{2A799A2D-F18B-44C7-853F-BB43C91C8A13}.Release|ARM32.ActiveCfg = Release|Any CPU
		{2A799A2D-F18B-44C7-853F-BB43C91C8A13}.Release|ARM32.Build.0 = Release|Any CPU
		{2A799A2D-F18B-44C7-853F-BB43C91C8A13}.Release|arm64.ActiveCfg = Release|Any CPU
		{2A799A2D-F18B-44C7-853F-BB43C91C8A13}.Release|arm64.Build.0 = Release|Any CPU
		{2A799A2D-F18B-44C7-853F-BB43C91C8A13}.Release|x64.ActiveCfg = Release|Any CPU
		{2A799A2D-F18B-44C7-853F-BB43C91C8A13}.Release|x64.Build.0 = Release|Any CPU
		{2A799A2D-F18B-44C7-853F-BB43C91C8A13}.Release|x86.ActiveCfg = Release|Any CPU
		{2A799A2D-F18B-44C7-853F-BB43C91C8A13}.Release|x86.Build.0 = Release|Any CPU
	EndGlobalSection
	GlobalSection(SolutionProperties) = preSolution
		HideSolutionNode = FALSE
	EndGlobalSection
	GlobalSection(NestedProjects) = preSolution
		{BF5E7CC6-29BA-499A-BD0C-4D92321C3AAA} = {A1E7E944-EBE5-4304-8EF7-0FCFBF03D555}
		{DC19E9E4-B174-4AB6-AB74-6205B5488DF2} = {A1E7E944-EBE5-4304-8EF7-0FCFBF03D555}
		{7CAB6C39-2D93-4BC5-A793-C68C5A29BE02} = {A1E7E944-EBE5-4304-8EF7-0FCFBF03D555}
		{453E1D66-2AF0-4062-B0C0-2D1FFD6D3722} = {E5A68C32-30EC-47D1-A33E-D1D3DE95FCFF}
		{D1A4B565-144B-489F-9375-95B99BFD36B7} = {E5A68C32-30EC-47D1-A33E-D1D3DE95FCFF}
		{E5D38355-44EA-49B0-922A-E2253C0ADEA9} = {CFD85561-36FE-4F5F-8FD7-169D60ECDF51}
		{A40894F0-FF73-4B12-86E5-A7BC48CCE37B} = {CFD85561-36FE-4F5F-8FD7-169D60ECDF51}
		{B37BF666-5581-46DA-A294-80D7D27F103F} = {A1E7E944-EBE5-4304-8EF7-0FCFBF03D555}
		{C847B5A9-E732-4154-9020-73CCA436188E} = {A1E7E944-EBE5-4304-8EF7-0FCFBF03D555}
		{CFCABE52-E796-4D2E-971D-EB30BC2D48E6} = {A1E7E944-EBE5-4304-8EF7-0FCFBF03D555}
		{AED54F27-AE33-48AB-9937-E95F143D70A4} = {E5A68C32-30EC-47D1-A33E-D1D3DE95FCFF}
		{7D7E2CD8-E821-48BE-A8DA-F294578B3E91} = {CFD85561-36FE-4F5F-8FD7-169D60ECDF51}
		{19A95C14-8934-48D7-A6FA-88A26F7B0003} = {A1E7E944-EBE5-4304-8EF7-0FCFBF03D555}
		{C4533C62-381A-4654-9498-0448C9D75BCD} = {4A483087-139D-41F1-ADDD-2FC93B673CFA}
		{D0383A66-3EFB-4B77-8B07-4F7FEF9DB884} = {4A483087-139D-41F1-ADDD-2FC93B673CFA}
		{09B0CEC5-B2BF-48BF-A87E-248EB08936EC} = {4A483087-139D-41F1-ADDD-2FC93B673CFA}
		{36376C2E-3C3A-4D5A-8444-81752B305A79} = {A1E7E944-EBE5-4304-8EF7-0FCFBF03D555}
		{946E5E6B-69D5-4A51-A08B-8AC44885034F} = {2A3C15EE-39C2-494E-BEFD-8BA6C0EDB3AE}
		{DFA3880E-A077-4AD4-8D1D-237CD1E5158B} = {2A3C15EE-39C2-494E-BEFD-8BA6C0EDB3AE}
		{2A3B9755-B2EE-4B10-B7DE-14052F9CD8EF} = {2A3C15EE-39C2-494E-BEFD-8BA6C0EDB3AE}
		{932BF043-355B-4784-A69E-AE65C2215A72} = {2A3C15EE-39C2-494E-BEFD-8BA6C0EDB3AE}
		{8CBF1820-1F47-496B-8D0A-BA1B2E392D8F} = {2A3C15EE-39C2-494E-BEFD-8BA6C0EDB3AE}
		{9CEBA8E7-9633-4075-A617-BAFB3423C154} = {A1E7E944-EBE5-4304-8EF7-0FCFBF03D555}
	EndGlobalSection
	GlobalSection(ExtensibilityGlobals) = postSolution
		SolutionGuid = {D0D953C8-0F01-43F9-8965-513356E2F73D}
	EndGlobalSection
EndGlobal
